// !$*UTF8*$!
{
	archiveVersion = 1;
	classes = {
	};
	objectVersion = 46;
	objects = {

/* Begin PBXBuildFile section */
		DB88ACF31E8EAE68000F2D60 /* InputManager.mm in Sources */ = {isa = PBXBuildFile; fileRef = DB88ACEF1E8EAE68000F2D60 /* InputManager.mm */; };
		DB88ACF51E8EAE68000F2D60 /* KanaInputEngine.mm in Sources */ = {isa = PBXBuildFile; fileRef = DB88ACF11E8EAE68000F2D60 /* KanaInputEngine.mm */; };
		DB88ACF91E8EAEA5000F2D60 /* InputCandidate.m in Sources */ = {isa = PBXBuildFile; fileRef = DB88ACF71E8EAEA5000F2D60 /* InputCandidate.m */; };
		DB88AD081E8FD5AC000F2D60 /* KeyboardPresenter.swift in Sources */ = {isa = PBXBuildFile; fileRef = DB88AD061E8FD5AC000F2D60 /* KeyboardPresenter.swift */; };
		DB88AD0C1E8FD9ED000F2D60 /* KeyboardService.swift in Sources */ = {isa = PBXBuildFile; fileRef = DB88AD0B1E8FD9ED000F2D60 /* KeyboardService.swift */; };
		DB88AD151E8FDEFF000F2D60 /* KeyboardViewController.swift in Sources */ = {isa = PBXBuildFile; fileRef = DB88AD131E8FDEFF000F2D60 /* KeyboardViewController.swift */; };
		DB88AD1B1E8FE42F000F2D60 /* Keyboard.storyboard in Resources */ = {isa = PBXBuildFile; fileRef = DB88AD1A1E8FE42F000F2D60 /* Keyboard.storyboard */; };
		DB88AD1D1E8FEAD5000F2D60 /* CandidateCollectionView.swift in Sources */ = {isa = PBXBuildFile; fileRef = DB88AD1C1E8FEAD5000F2D60 /* CandidateCollectionView.swift */; };
		DB88AD1F1E8FEB24000F2D60 /* SwipeCollectionView.swift in Sources */ = {isa = PBXBuildFile; fileRef = DB88AD1E1E8FEB24000F2D60 /* SwipeCollectionView.swift */; };
		DB88AD211E8FF1EA000F2D60 /* CandidateCell.swift in Sources */ = {isa = PBXBuildFile; fileRef = DB88AD201E8FF1EA000F2D60 /* CandidateCell.swift */; };
		DB88AD231E8FF21A000F2D60 /* KeyboardCell.swift in Sources */ = {isa = PBXBuildFile; fileRef = DB88AD221E8FF21A000F2D60 /* KeyboardCell.swift */; };
		DBAA76F01E8DE06300FD9DDF /* AppDelegate.swift in Sources */ = {isa = PBXBuildFile; fileRef = DBAA76EF1E8DE06300FD9DDF /* AppDelegate.swift */; };
		DBAA76F21E8DE06300FD9DDF /* ViewController.swift in Sources */ = {isa = PBXBuildFile; fileRef = DBAA76F11E8DE06300FD9DDF /* ViewController.swift */; };
		DBAA76F51E8DE06300FD9DDF /* Main.storyboard in Resources */ = {isa = PBXBuildFile; fileRef = DBAA76F31E8DE06300FD9DDF /* Main.storyboard */; };
		DBAA76F71E8DE06300FD9DDF /* Assets.xcassets in Resources */ = {isa = PBXBuildFile; fileRef = DBAA76F61E8DE06300FD9DDF /* Assets.xcassets */; };
		DBAA76FA1E8DE06300FD9DDF /* LaunchScreen.storyboard in Resources */ = {isa = PBXBuildFile; fileRef = DBAA76F81E8DE06300FD9DDF /* LaunchScreen.storyboard */; };
		DBAA77051E8DE06300FD9DDF /* KisekaeKeyboardTests.swift in Sources */ = {isa = PBXBuildFile; fileRef = DBAA77041E8DE06300FD9DDF /* KisekaeKeyboardTests.swift */; };
		DBAA77101E8DE06300FD9DDF /* KisekaeKeyboardUITests.swift in Sources */ = {isa = PBXBuildFile; fileRef = DBAA770F1E8DE06300FD9DDF /* KisekaeKeyboardUITests.swift */; };
		DBAA77281E8DE07600FD9DDF /* Keyboard.appex in Embed App Extensions */ = {isa = PBXBuildFile; fileRef = DBAA77211E8DE07600FD9DDF /* Keyboard.appex */; settings = {ATTRIBUTES = (RemoveHeadersOnCopy, ); }; };
		DBAA77851E8DE50500FD9DDF /* libbase_core.a in Frameworks */ = {isa = PBXBuildFile; fileRef = DBAA772E1E8DE50500FD9DDF /* libbase_core.a */; };
		DBAA77861E8DE50500FD9DDF /* libbase.a in Frameworks */ = {isa = PBXBuildFile; fileRef = DBAA772F1E8DE50500FD9DDF /* libbase.a */; };
		DBAA77871E8DE50500FD9DDF /* libbit_stream.a in Frameworks */ = {isa = PBXBuildFile; fileRef = DBAA77301E8DE50500FD9DDF /* libbit_stream.a */; };
		DBAA77881E8DE50500FD9DDF /* libbit_vector_based_array_builder.a in Frameworks */ = {isa = PBXBuildFile; fileRef = DBAA77311E8DE50500FD9DDF /* libbit_vector_based_array_builder.a */; };
		DBAA77891E8DE50500FD9DDF /* libbit_vector_based_array.a in Frameworks */ = {isa = PBXBuildFile; fileRef = DBAA77321E8DE50500FD9DDF /* libbit_vector_based_array.a */; };
		DBAA778A1E8DE50500FD9DDF /* libcached_connector.a in Frameworks */ = {isa = PBXBuildFile; fileRef = DBAA77331E8DE50500FD9DDF /* libcached_connector.a */; };
		DBAA778B1E8DE50500FD9DDF /* libcalculator_mock.a in Frameworks */ = {isa = PBXBuildFile; fileRef = DBAA77341E8DE50500FD9DDF /* libcalculator_mock.a */; };
		DBAA778C1E8DE50500FD9DDF /* libcalculator.a in Frameworks */ = {isa = PBXBuildFile; fileRef = DBAA77351E8DE50500FD9DDF /* libcalculator.a */; };
		DBAA778D1E8DE50500FD9DDF /* libcharacter_form_manager.a in Frameworks */ = {isa = PBXBuildFile; fileRef = DBAA77361E8DE50500FD9DDF /* libcharacter_form_manager.a */; };
		DBAA778E1E8DE50500FD9DDF /* libcodec.a in Frameworks */ = {isa = PBXBuildFile; fileRef = DBAA77371E8DE50500FD9DDF /* libcodec.a */; };
		DBAA778F1E8DE50500FD9DDF /* libcomposer.a in Frameworks */ = {isa = PBXBuildFile; fileRef = DBAA77381E8DE50500FD9DDF /* libcomposer.a */; };
		DBAA77901E8DE50500FD9DDF /* libconfig_file_stream.a in Frameworks */ = {isa = PBXBuildFile; fileRef = DBAA77391E8DE50500FD9DDF /* libconfig_file_stream.a */; };
		DBAA77911E8DE50500FD9DDF /* libconfig_handler.a in Frameworks */ = {isa = PBXBuildFile; fileRef = DBAA773A1E8DE50500FD9DDF /* libconfig_handler.a */; };
		DBAA77921E8DE50500FD9DDF /* libconfig_protocol.a in Frameworks */ = {isa = PBXBuildFile; fileRef = DBAA773B1E8DE50500FD9DDF /* libconfig_protocol.a */; };
		DBAA77931E8DE50500FD9DDF /* libconnection_file_reader.a in Frameworks */ = {isa = PBXBuildFile; fileRef = DBAA773C1E8DE50500FD9DDF /* libconnection_file_reader.a */; };
		DBAA77941E8DE50500FD9DDF /* libconnector_base.a in Frameworks */ = {isa = PBXBuildFile; fileRef = DBAA773D1E8DE50500FD9DDF /* libconnector_base.a */; };
		DBAA77951E8DE50500FD9DDF /* libconversion_request.a in Frameworks */ = {isa = PBXBuildFile; fileRef = DBAA773E1E8DE50500FD9DDF /* libconversion_request.a */; };
		DBAA77961E8DE50500FD9DDF /* libconverter_mock.a in Frameworks */ = {isa = PBXBuildFile; fileRef = DBAA773F1E8DE50500FD9DDF /* libconverter_mock.a */; };
		DBAA77971E8DE50500FD9DDF /* libconverter_util.a in Frameworks */ = {isa = PBXBuildFile; fileRef = DBAA77401E8DE50500FD9DDF /* libconverter_util.a */; };
		DBAA77981E8DE50500FD9DDF /* libconverter.a in Frameworks */ = {isa = PBXBuildFile; fileRef = DBAA77411E8DE50500FD9DDF /* libconverter.a */; };
		DBAA77991E8DE50500FD9DDF /* libcrash_report_handler.a in Frameworks */ = {isa = PBXBuildFile; fileRef = DBAA77421E8DE50500FD9DDF /* libcrash_report_handler.a */; };
		DBAA779A1E8DE50500FD9DDF /* libdictionary_file_builder.a in Frameworks */ = {isa = PBXBuildFile; fileRef = DBAA77431E8DE50500FD9DDF /* libdictionary_file_builder.a */; };
		DBAA779B1E8DE50500FD9DDF /* libdictionary_file.a in Frameworks */ = {isa = PBXBuildFile; fileRef = DBAA77441E8DE50500FD9DDF /* libdictionary_file.a */; };
		DBAA779C1E8DE50500FD9DDF /* libdictionary_impl.a in Frameworks */ = {isa = PBXBuildFile; fileRef = DBAA77451E8DE50500FD9DDF /* libdictionary_impl.a */; };
		DBAA779D1E8DE50500FD9DDF /* libdictionary_mock.a in Frameworks */ = {isa = PBXBuildFile; fileRef = DBAA77461E8DE50500FD9DDF /* libdictionary_mock.a */; };
		DBAA779E1E8DE50500FD9DDF /* libdictionary_protocol.a in Frameworks */ = {isa = PBXBuildFile; fileRef = DBAA77471E8DE50500FD9DDF /* libdictionary_protocol.a */; };
		DBAA779F1E8DE50500FD9DDF /* libdictionary_test_util.a in Frameworks */ = {isa = PBXBuildFile; fileRef = DBAA77481E8DE50500FD9DDF /* libdictionary_test_util.a */; };
		DBAA77A01E8DE50500FD9DDF /* libencryptor.a in Frameworks */ = {isa = PBXBuildFile; fileRef = DBAA77491E8DE50500FD9DDF /* libencryptor.a */; };
		DBAA77A11E8DE50500FD9DDF /* libengine.a in Frameworks */ = {isa = PBXBuildFile; fileRef = DBAA774A1E8DE50500FD9DDF /* libengine.a */; };
		DBAA77A21E8DE50500FD9DDF /* libgen_existence_data.a in Frameworks */ = {isa = PBXBuildFile; fileRef = DBAA774B1E8DE50500FD9DDF /* libgen_existence_data.a */; };
		DBAA77A31E8DE50500FD9DDF /* libgen_segmenter_bitarray.a in Frameworks */ = {isa = PBXBuildFile; fileRef = DBAA774C1E8DE50500FD9DDF /* libgen_segmenter_bitarray.a */; };
		DBAA77A41E8DE50500FD9DDF /* libgeneric_storage_manager.a in Frameworks */ = {isa = PBXBuildFile; fileRef = DBAA774D1E8DE50500FD9DDF /* libgeneric_storage_manager.a */; };
		DBAA77A51E8DE50500FD9DDF /* libime_switch_util.a in Frameworks */ = {isa = PBXBuildFile; fileRef = DBAA774E1E8DE50500FD9DDF /* libime_switch_util.a */; };
		DBAA77A61E8DE50500FD9DDF /* libimmutable_converter_interface.a in Frameworks */ = {isa = PBXBuildFile; fileRef = DBAA774F1E8DE50500FD9DDF /* libimmutable_converter_interface.a */; };
		DBAA77A71E8DE50500FD9DDF /* libimmutable_converter.a in Frameworks */ = {isa = PBXBuildFile; fileRef = DBAA77501E8DE50500FD9DDF /* libimmutable_converter.a */; };
		DBAA77A81E8DE50500FD9DDF /* libkey_event_util.a in Frameworks */ = {isa = PBXBuildFile; fileRef = DBAA77511E8DE50500FD9DDF /* libkey_event_util.a */; };
		DBAA77A91E8DE50500FD9DDF /* libkey_info_util.a in Frameworks */ = {isa = PBXBuildFile; fileRef = DBAA77521E8DE50500FD9DDF /* libkey_info_util.a */; };
		DBAA77AA1E8DE50500FD9DDF /* libkey_parser.a in Frameworks */ = {isa = PBXBuildFile; fileRef = DBAA77531E8DE50500FD9DDF /* libkey_parser.a */; };
		DBAA77AB1E8DE50500FD9DDF /* libkeymap_factory.a in Frameworks */ = {isa = PBXBuildFile; fileRef = DBAA77541E8DE50500FD9DDF /* libkeymap_factory.a */; };
		DBAA77AC1E8DE50500FD9DDF /* libkeymap.a in Frameworks */ = {isa = PBXBuildFile; fileRef = DBAA77551E8DE50500FD9DDF /* libkeymap.a */; };
		DBAA77AD1E8DE50500FD9DDF /* liblattice.a in Frameworks */ = {isa = PBXBuildFile; fileRef = DBAA77561E8DE50500FD9DDF /* liblattice.a */; };
		DBAA77AE1E8DE50500FD9DDF /* liblouds_trie_builder.a in Frameworks */ = {isa = PBXBuildFile; fileRef = DBAA77571E8DE50500FD9DDF /* liblouds_trie_builder.a */; };
		DBAA77AF1E8DE50500FD9DDF /* liblouds_trie.a in Frameworks */ = {isa = PBXBuildFile; fileRef = DBAA77581E8DE50500FD9DDF /* liblouds_trie.a */; };
		DBAA77B01E8DE50500FD9DDF /* libmock_converter_engine.a in Frameworks */ = {isa = PBXBuildFile; fileRef = DBAA77591E8DE50500FD9DDF /* libmock_converter_engine.a */; };
		DBAA77B11E8DE50500FD9DDF /* libmock_data_engine_factory.a in Frameworks */ = {isa = PBXBuildFile; fileRef = DBAA775A1E8DE50500FD9DDF /* libmock_data_engine_factory.a */; };
		DBAA77B21E8DE50500FD9DDF /* libmock_user_pos_manager.a in Frameworks */ = {isa = PBXBuildFile; fileRef = DBAA775B1E8DE50500FD9DDF /* libmock_user_pos_manager.a */; };
		DBAA77B31E8DE50500FD9DDF /* libmultifile.a in Frameworks */ = {isa = PBXBuildFile; fileRef = DBAA775C1E8DE50500FD9DDF /* libmultifile.a */; };
		DBAA77B41E8DE50500FD9DDF /* libobfuscator_support.a in Frameworks */ = {isa = PBXBuildFile; fileRef = DBAA775D1E8DE50500FD9DDF /* libobfuscator_support.a */; };
		DBAA77B51E8DE50500FD9DDF /* liboss_data_manager.a in Frameworks */ = {isa = PBXBuildFile; fileRef = DBAA775E1E8DE50500FD9DDF /* liboss_data_manager.a */; };
		DBAA77B61E8DE50500FD9DDF /* liboss_engine_factory.a in Frameworks */ = {isa = PBXBuildFile; fileRef = DBAA775F1E8DE50500FD9DDF /* liboss_engine_factory.a */; };
		DBAA77B71E8DE50500FD9DDF /* liboss_user_pos_manager.a in Frameworks */ = {isa = PBXBuildFile; fileRef = DBAA77601E8DE50500FD9DDF /* liboss_user_pos_manager.a */; };
		DBAA77B81E8DE50500FD9DDF /* liboutput_util.a in Frameworks */ = {isa = PBXBuildFile; fileRef = DBAA77611E8DE50500FD9DDF /* liboutput_util.a */; };
		DBAA77B91E8DE50500FD9DDF /* libpacked_engine_factory.a in Frameworks */ = {isa = PBXBuildFile; fileRef = DBAA77621E8DE50500FD9DDF /* libpacked_engine_factory.a */; };
		DBAA77BA1E8DE50500FD9DDF /* libpos_id_printer.a in Frameworks */ = {isa = PBXBuildFile; fileRef = DBAA77631E8DE50500FD9DDF /* libpos_id_printer.a */; };
		DBAA77BB1E8DE50500FD9DDF /* libprediction_protocol.a in Frameworks */ = {isa = PBXBuildFile; fileRef = DBAA77641E8DE50500FD9DDF /* libprediction_protocol.a */; };
		DBAA77BC1E8DE50500FD9DDF /* libprediction.a in Frameworks */ = {isa = PBXBuildFile; fileRef = DBAA77651E8DE50500FD9DDF /* libprediction.a */; };
		DBAA77BD1E8DE50500FD9DDF /* libprotobuf.a in Frameworks */ = {isa = PBXBuildFile; fileRef = DBAA77661E8DE50500FD9DDF /* libprotobuf.a */; };
		DBAA77BE1E8DE50500FD9DDF /* librandom_keyevents_generator.a in Frameworks */ = {isa = PBXBuildFile; fileRef = DBAA77671E8DE50500FD9DDF /* librandom_keyevents_generator.a */; };
		DBAA77BF1E8DE50500FD9DDF /* librequest_test_util.a in Frameworks */ = {isa = PBXBuildFile; fileRef = DBAA77681E8DE50500FD9DDF /* librequest_test_util.a */; };
		DBAA77C01E8DE50500FD9DDF /* librewriter.a in Frameworks */ = {isa = PBXBuildFile; fileRef = DBAA77691E8DE50500FD9DDF /* librewriter.a */; };
		DBAA77C11E8DE50500FD9DDF /* libsegmenter_base.a in Frameworks */ = {isa = PBXBuildFile; fileRef = DBAA776A1E8DE50500FD9DDF /* libsegmenter_base.a */; };
		DBAA77C21E8DE50500FD9DDF /* libsegments.a in Frameworks */ = {isa = PBXBuildFile; fileRef = DBAA776B1E8DE50500FD9DDF /* libsegments.a */; };
		DBAA77C31E8DE50500FD9DDF /* libsession_handler.a in Frameworks */ = {isa = PBXBuildFile; fileRef = DBAA776C1E8DE50500FD9DDF /* libsession_handler.a */; };
		DBAA77C41E8DE50500FD9DDF /* libsession_internal.a in Frameworks */ = {isa = PBXBuildFile; fileRef = DBAA776D1E8DE50500FD9DDF /* libsession_internal.a */; };
		DBAA77C51E8DE50500FD9DDF /* libsession_protocol.a in Frameworks */ = {isa = PBXBuildFile; fileRef = DBAA776E1E8DE50500FD9DDF /* libsession_protocol.a */; };
		DBAA77C61E8DE50500FD9DDF /* libsession_server.a in Frameworks */ = {isa = PBXBuildFile; fileRef = DBAA776F1E8DE50500FD9DDF /* libsession_server.a */; };
		DBAA77C71E8DE50500FD9DDF /* libsession_usage_observer.a in Frameworks */ = {isa = PBXBuildFile; fileRef = DBAA77701E8DE50500FD9DDF /* libsession_usage_observer.a */; };
		DBAA77C81E8DE50500FD9DDF /* libsession_usage_stats_util.a in Frameworks */ = {isa = PBXBuildFile; fileRef = DBAA77711E8DE50500FD9DDF /* libsession_usage_stats_util.a */; };
		DBAA77C91E8DE50500FD9DDF /* libsession.a in Frameworks */ = {isa = PBXBuildFile; fileRef = DBAA77721E8DE50500FD9DDF /* libsession.a */; };
		DBAA77CA1E8DE50500FD9DDF /* libsimple_succinct_bit_vector_index.a in Frameworks */ = {isa = PBXBuildFile; fileRef = DBAA77731E8DE50500FD9DDF /* libsimple_succinct_bit_vector_index.a */; };
		DBAA77CB1E8DE50500FD9DDF /* libsparse_connector.a in Frameworks */ = {isa = PBXBuildFile; fileRef = DBAA77741E8DE50500FD9DDF /* libsparse_connector.a */; };
		DBAA77CC1E8DE50500FD9DDF /* libstats_config_util.a in Frameworks */ = {isa = PBXBuildFile; fileRef = DBAA77751E8DE50500FD9DDF /* libstats_config_util.a */; };
		DBAA77CD1E8DE50500FD9DDF /* libstorage.a in Frameworks */ = {isa = PBXBuildFile; fileRef = DBAA77761E8DE50500FD9DDF /* libstorage.a */; };
		DBAA77CE1E8DE50500FD9DDF /* libsuffix_dictionary.a in Frameworks */ = {isa = PBXBuildFile; fileRef = DBAA77771E8DE50500FD9DDF /* libsuffix_dictionary.a */; };
		DBAA77CF1E8DE50500FD9DDF /* libsuggestion_filter.a in Frameworks */ = {isa = PBXBuildFile; fileRef = DBAA77781E8DE50500FD9DDF /* libsuggestion_filter.a */; };
		DBAA77D01E8DE50500FD9DDF /* libsuppression_dictionary.a in Frameworks */ = {isa = PBXBuildFile; fileRef = DBAA77791E8DE50500FD9DDF /* libsuppression_dictionary.a */; };
		DBAA77D11E8DE50500FD9DDF /* libsystem_dictionary_builder.a in Frameworks */ = {isa = PBXBuildFile; fileRef = DBAA777A1E8DE50500FD9DDF /* libsystem_dictionary_builder.a */; };
		DBAA77D21E8DE50500FD9DDF /* libsystem_dictionary_codec.a in Frameworks */ = {isa = PBXBuildFile; fileRef = DBAA777B1E8DE50500FD9DDF /* libsystem_dictionary_codec.a */; };
		DBAA77D31E8DE50500FD9DDF /* libsystem_dictionary.a in Frameworks */ = {isa = PBXBuildFile; fileRef = DBAA777C1E8DE50500FD9DDF /* libsystem_dictionary.a */; };
		DBAA77D41E8DE50500FD9DDF /* libtext_dictionary_loader.a in Frameworks */ = {isa = PBXBuildFile; fileRef = DBAA777D1E8DE50500FD9DDF /* libtext_dictionary_loader.a */; };
		DBAA77D51E8DE50500FD9DDF /* libtransliteration.a in Frameworks */ = {isa = PBXBuildFile; fileRef = DBAA777E1E8DE50500FD9DDF /* libtransliteration.a */; };
		DBAA77D61E8DE50500FD9DDF /* libusage_stats_protocol.a in Frameworks */ = {isa = PBXBuildFile; fileRef = DBAA777F1E8DE50500FD9DDF /* libusage_stats_protocol.a */; };
		DBAA77D71E8DE50500FD9DDF /* libusage_stats_uploader.a in Frameworks */ = {isa = PBXBuildFile; fileRef = DBAA77801E8DE50500FD9DDF /* libusage_stats_uploader.a */; };
		DBAA77D81E8DE50500FD9DDF /* libusage_stats.a in Frameworks */ = {isa = PBXBuildFile; fileRef = DBAA77811E8DE50500FD9DDF /* libusage_stats.a */; };
		DBAA77D91E8DE50500FD9DDF /* libuser_dictionary.a in Frameworks */ = {isa = PBXBuildFile; fileRef = DBAA77821E8DE50500FD9DDF /* libuser_dictionary.a */; };
		DBAA77DA1E8DE50500FD9DDF /* libuser_pos.a in Frameworks */ = {isa = PBXBuildFile; fileRef = DBAA77831E8DE50500FD9DDF /* libuser_pos.a */; };
		DBAA77DB1E8DE50500FD9DDF /* libvalue_dictionary.a in Frameworks */ = {isa = PBXBuildFile; fileRef = DBAA77841E8DE50500FD9DDF /* libvalue_dictionary.a */; };
/* End PBXBuildFile section */

/* Begin PBXContainerItemProxy section */
		DBAA77011E8DE06300FD9DDF /* PBXContainerItemProxy */ = {
			isa = PBXContainerItemProxy;
			containerPortal = DBAA76E41E8DE06200FD9DDF /* Project object */;
			proxyType = 1;
			remoteGlobalIDString = DBAA76EB1E8DE06300FD9DDF;
			remoteInfo = KisekaeKeyboard;
		};
		DBAA770C1E8DE06300FD9DDF /* PBXContainerItemProxy */ = {
			isa = PBXContainerItemProxy;
			containerPortal = DBAA76E41E8DE06200FD9DDF /* Project object */;
			proxyType = 1;
			remoteGlobalIDString = DBAA76EB1E8DE06300FD9DDF;
			remoteInfo = KisekaeKeyboard;
		};
		DBAA77261E8DE07600FD9DDF /* PBXContainerItemProxy */ = {
			isa = PBXContainerItemProxy;
			containerPortal = DBAA76E41E8DE06200FD9DDF /* Project object */;
			proxyType = 1;
			remoteGlobalIDString = DBAA77201E8DE07600FD9DDF;
			remoteInfo = Keyboard;
		};
/* End PBXContainerItemProxy section */

/* Begin PBXCopyFilesBuildPhase section */
		DBAA772C1E8DE07600FD9DDF /* Embed App Extensions */ = {
			isa = PBXCopyFilesBuildPhase;
			buildActionMask = 2147483647;
			dstPath = "";
			dstSubfolderSpec = 13;
			files = (
				DBAA77281E8DE07600FD9DDF /* Keyboard.appex in Embed App Extensions */,
			);
			name = "Embed App Extensions";
			runOnlyForDeploymentPostprocessing = 0;
		};
/* End PBXCopyFilesBuildPhase section */

/* Begin PBXFileReference section */
		DB88ACEC1E8EAE66000F2D60 /* KisekaeKeyboard-Bridging-Header.h */ = {isa = PBXFileReference; lastKnownFileType = sourcecode.c.h; path = "KisekaeKeyboard-Bridging-Header.h"; sourceTree = "<group>"; };
		DB88ACED1E8EAE66000F2D60 /* Keyboard-Bridging-Header.h */ = {isa = PBXFileReference; lastKnownFileType = sourcecode.c.h; path = "Keyboard-Bridging-Header.h"; sourceTree = "<group>"; };
		DB88ACEE1E8EAE68000F2D60 /* InputManager.h */ = {isa = PBXFileReference; fileEncoding = 4; lastKnownFileType = sourcecode.c.h; path = InputManager.h; sourceTree = "<group>"; };
		DB88ACEF1E8EAE68000F2D60 /* InputManager.mm */ = {isa = PBXFileReference; fileEncoding = 4; lastKnownFileType = sourcecode.cpp.objcpp; path = InputManager.mm; sourceTree = "<group>"; };
		DB88ACF01E8EAE68000F2D60 /* KanaInputEngine.h */ = {isa = PBXFileReference; fileEncoding = 4; lastKnownFileType = sourcecode.c.h; path = KanaInputEngine.h; sourceTree = "<group>"; };
		DB88ACF11E8EAE68000F2D60 /* KanaInputEngine.mm */ = {isa = PBXFileReference; fileEncoding = 4; lastKnownFileType = sourcecode.cpp.objcpp; path = KanaInputEngine.mm; sourceTree = "<group>"; };
		DB88ACF61E8EAEA5000F2D60 /* InputCandidate.h */ = {isa = PBXFileReference; fileEncoding = 4; lastKnownFileType = sourcecode.c.h; path = InputCandidate.h; sourceTree = "<group>"; };
		DB88ACF71E8EAEA5000F2D60 /* InputCandidate.m */ = {isa = PBXFileReference; fileEncoding = 4; lastKnownFileType = sourcecode.c.objc; path = InputCandidate.m; sourceTree = "<group>"; };
		DB88AD061E8FD5AC000F2D60 /* KeyboardPresenter.swift */ = {isa = PBXFileReference; fileEncoding = 4; lastKnownFileType = sourcecode.swift; path = KeyboardPresenter.swift; sourceTree = "<group>"; };
		DB88AD0B1E8FD9ED000F2D60 /* KeyboardService.swift */ = {isa = PBXFileReference; fileEncoding = 4; lastKnownFileType = sourcecode.swift; path = KeyboardService.swift; sourceTree = "<group>"; };
		DB88AD131E8FDEFF000F2D60 /* KeyboardViewController.swift */ = {isa = PBXFileReference; fileEncoding = 4; lastKnownFileType = sourcecode.swift; path = KeyboardViewController.swift; sourceTree = "<group>"; };
		DB88AD1A1E8FE42F000F2D60 /* Keyboard.storyboard */ = {isa = PBXFileReference; fileEncoding = 4; lastKnownFileType = file.storyboard; path = Keyboard.storyboard; sourceTree = "<group>"; };
		DB88AD1C1E8FEAD5000F2D60 /* CandidateCollectionView.swift */ = {isa = PBXFileReference; fileEncoding = 4; lastKnownFileType = sourcecode.swift; path = CandidateCollectionView.swift; sourceTree = "<group>"; };
		DB88AD1E1E8FEB24000F2D60 /* SwipeCollectionView.swift */ = {isa = PBXFileReference; fileEncoding = 4; lastKnownFileType = sourcecode.swift; path = SwipeCollectionView.swift; sourceTree = "<group>"; };
		DB88AD201E8FF1EA000F2D60 /* CandidateCell.swift */ = {isa = PBXFileReference; fileEncoding = 4; lastKnownFileType = sourcecode.swift; path = CandidateCell.swift; sourceTree = "<group>"; };
		DB88AD221E8FF21A000F2D60 /* KeyboardCell.swift */ = {isa = PBXFileReference; fileEncoding = 4; lastKnownFileType = sourcecode.swift; path = KeyboardCell.swift; sourceTree = "<group>"; };
		DBAA76EC1E8DE06300FD9DDF /* KisekaeKeyboard.app */ = {isa = PBXFileReference; explicitFileType = wrapper.application; includeInIndex = 0; path = KisekaeKeyboard.app; sourceTree = BUILT_PRODUCTS_DIR; };
		DBAA76EF1E8DE06300FD9DDF /* AppDelegate.swift */ = {isa = PBXFileReference; lastKnownFileType = sourcecode.swift; path = AppDelegate.swift; sourceTree = "<group>"; };
		DBAA76F11E8DE06300FD9DDF /* ViewController.swift */ = {isa = PBXFileReference; lastKnownFileType = sourcecode.swift; path = ViewController.swift; sourceTree = "<group>"; };
		DBAA76F41E8DE06300FD9DDF /* Base */ = {isa = PBXFileReference; lastKnownFileType = file.storyboard; name = Base; path = Base.lproj/Main.storyboard; sourceTree = "<group>"; };
		DBAA76F61E8DE06300FD9DDF /* Assets.xcassets */ = {isa = PBXFileReference; lastKnownFileType = folder.assetcatalog; path = Assets.xcassets; sourceTree = "<group>"; };
		DBAA76F91E8DE06300FD9DDF /* Base */ = {isa = PBXFileReference; lastKnownFileType = file.storyboard; name = Base; path = Base.lproj/LaunchScreen.storyboard; sourceTree = "<group>"; };
		DBAA76FB1E8DE06300FD9DDF /* Info.plist */ = {isa = PBXFileReference; lastKnownFileType = text.plist.xml; path = Info.plist; sourceTree = "<group>"; };
		DBAA77001E8DE06300FD9DDF /* KisekaeKeyboardTests.xctest */ = {isa = PBXFileReference; explicitFileType = wrapper.cfbundle; includeInIndex = 0; path = KisekaeKeyboardTests.xctest; sourceTree = BUILT_PRODUCTS_DIR; };
		DBAA77041E8DE06300FD9DDF /* KisekaeKeyboardTests.swift */ = {isa = PBXFileReference; lastKnownFileType = sourcecode.swift; path = KisekaeKeyboardTests.swift; sourceTree = "<group>"; };
		DBAA77061E8DE06300FD9DDF /* Info.plist */ = {isa = PBXFileReference; lastKnownFileType = text.plist.xml; path = Info.plist; sourceTree = "<group>"; };
		DBAA770B1E8DE06300FD9DDF /* KisekaeKeyboardUITests.xctest */ = {isa = PBXFileReference; explicitFileType = wrapper.cfbundle; includeInIndex = 0; path = KisekaeKeyboardUITests.xctest; sourceTree = BUILT_PRODUCTS_DIR; };
		DBAA770F1E8DE06300FD9DDF /* KisekaeKeyboardUITests.swift */ = {isa = PBXFileReference; lastKnownFileType = sourcecode.swift; path = KisekaeKeyboardUITests.swift; sourceTree = "<group>"; };
		DBAA77111E8DE06300FD9DDF /* Info.plist */ = {isa = PBXFileReference; lastKnownFileType = text.plist.xml; path = Info.plist; sourceTree = "<group>"; };
		DBAA77211E8DE07600FD9DDF /* Keyboard.appex */ = {isa = PBXFileReference; explicitFileType = "wrapper.app-extension"; includeInIndex = 0; path = Keyboard.appex; sourceTree = BUILT_PRODUCTS_DIR; };
		DBAA77251E8DE07600FD9DDF /* Info.plist */ = {isa = PBXFileReference; lastKnownFileType = text.plist.xml; path = Info.plist; sourceTree = "<group>"; };
		DBAA772E1E8DE50500FD9DDF /* libbase_core.a */ = {isa = PBXFileReference; lastKnownFileType = archive.ar; name = libbase_core.a; path = "Mozc-for-iOS/src/out_ios/Release-iphoneos/libbase_core.a"; sourceTree = "<group>"; };
		DBAA772F1E8DE50500FD9DDF /* libbase.a */ = {isa = PBXFileReference; lastKnownFileType = archive.ar; name = libbase.a; path = "Mozc-for-iOS/src/out_ios/Release-iphoneos/libbase.a"; sourceTree = "<group>"; };
		DBAA77301E8DE50500FD9DDF /* libbit_stream.a */ = {isa = PBXFileReference; lastKnownFileType = archive.ar; name = libbit_stream.a; path = "Mozc-for-iOS/src/out_ios/Release-iphoneos/libbit_stream.a"; sourceTree = "<group>"; };
		DBAA77311E8DE50500FD9DDF /* libbit_vector_based_array_builder.a */ = {isa = PBXFileReference; lastKnownFileType = archive.ar; name = libbit_vector_based_array_builder.a; path = "Mozc-for-iOS/src/out_ios/Release-iphoneos/libbit_vector_based_array_builder.a"; sourceTree = "<group>"; };
		DBAA77321E8DE50500FD9DDF /* libbit_vector_based_array.a */ = {isa = PBXFileReference; lastKnownFileType = archive.ar; name = libbit_vector_based_array.a; path = "Mozc-for-iOS/src/out_ios/Release-iphoneos/libbit_vector_based_array.a"; sourceTree = "<group>"; };
		DBAA77331E8DE50500FD9DDF /* libcached_connector.a */ = {isa = PBXFileReference; lastKnownFileType = archive.ar; name = libcached_connector.a; path = "Mozc-for-iOS/src/out_ios/Release-iphoneos/libcached_connector.a"; sourceTree = "<group>"; };
		DBAA77341E8DE50500FD9DDF /* libcalculator_mock.a */ = {isa = PBXFileReference; lastKnownFileType = archive.ar; name = libcalculator_mock.a; path = "Mozc-for-iOS/src/out_ios/Release-iphoneos/libcalculator_mock.a"; sourceTree = "<group>"; };
		DBAA77351E8DE50500FD9DDF /* libcalculator.a */ = {isa = PBXFileReference; lastKnownFileType = archive.ar; name = libcalculator.a; path = "Mozc-for-iOS/src/out_ios/Release-iphoneos/libcalculator.a"; sourceTree = "<group>"; };
		DBAA77361E8DE50500FD9DDF /* libcharacter_form_manager.a */ = {isa = PBXFileReference; lastKnownFileType = archive.ar; name = libcharacter_form_manager.a; path = "Mozc-for-iOS/src/out_ios/Release-iphoneos/libcharacter_form_manager.a"; sourceTree = "<group>"; };
		DBAA77371E8DE50500FD9DDF /* libcodec.a */ = {isa = PBXFileReference; lastKnownFileType = archive.ar; name = libcodec.a; path = "Mozc-for-iOS/src/out_ios/Release-iphoneos/libcodec.a"; sourceTree = "<group>"; };
		DBAA77381E8DE50500FD9DDF /* libcomposer.a */ = {isa = PBXFileReference; lastKnownFileType = archive.ar; name = libcomposer.a; path = "Mozc-for-iOS/src/out_ios/Release-iphoneos/libcomposer.a"; sourceTree = "<group>"; };
		DBAA77391E8DE50500FD9DDF /* libconfig_file_stream.a */ = {isa = PBXFileReference; lastKnownFileType = archive.ar; name = libconfig_file_stream.a; path = "Mozc-for-iOS/src/out_ios/Release-iphoneos/libconfig_file_stream.a"; sourceTree = "<group>"; };
		DBAA773A1E8DE50500FD9DDF /* libconfig_handler.a */ = {isa = PBXFileReference; lastKnownFileType = archive.ar; name = libconfig_handler.a; path = "Mozc-for-iOS/src/out_ios/Release-iphoneos/libconfig_handler.a"; sourceTree = "<group>"; };
		DBAA773B1E8DE50500FD9DDF /* libconfig_protocol.a */ = {isa = PBXFileReference; lastKnownFileType = archive.ar; name = libconfig_protocol.a; path = "Mozc-for-iOS/src/out_ios/Release-iphoneos/libconfig_protocol.a"; sourceTree = "<group>"; };
		DBAA773C1E8DE50500FD9DDF /* libconnection_file_reader.a */ = {isa = PBXFileReference; lastKnownFileType = archive.ar; name = libconnection_file_reader.a; path = "Mozc-for-iOS/src/out_ios/Release-iphoneos/libconnection_file_reader.a"; sourceTree = "<group>"; };
		DBAA773D1E8DE50500FD9DDF /* libconnector_base.a */ = {isa = PBXFileReference; lastKnownFileType = archive.ar; name = libconnector_base.a; path = "Mozc-for-iOS/src/out_ios/Release-iphoneos/libconnector_base.a"; sourceTree = "<group>"; };
		DBAA773E1E8DE50500FD9DDF /* libconversion_request.a */ = {isa = PBXFileReference; lastKnownFileType = archive.ar; name = libconversion_request.a; path = "Mozc-for-iOS/src/out_ios/Release-iphoneos/libconversion_request.a"; sourceTree = "<group>"; };
		DBAA773F1E8DE50500FD9DDF /* libconverter_mock.a */ = {isa = PBXFileReference; lastKnownFileType = archive.ar; name = libconverter_mock.a; path = "Mozc-for-iOS/src/out_ios/Release-iphoneos/libconverter_mock.a"; sourceTree = "<group>"; };
		DBAA77401E8DE50500FD9DDF /* libconverter_util.a */ = {isa = PBXFileReference; lastKnownFileType = archive.ar; name = libconverter_util.a; path = "Mozc-for-iOS/src/out_ios/Release-iphoneos/libconverter_util.a"; sourceTree = "<group>"; };
		DBAA77411E8DE50500FD9DDF /* libconverter.a */ = {isa = PBXFileReference; lastKnownFileType = archive.ar; name = libconverter.a; path = "Mozc-for-iOS/src/out_ios/Release-iphoneos/libconverter.a"; sourceTree = "<group>"; };
		DBAA77421E8DE50500FD9DDF /* libcrash_report_handler.a */ = {isa = PBXFileReference; lastKnownFileType = archive.ar; name = libcrash_report_handler.a; path = "Mozc-for-iOS/src/out_ios/Release-iphoneos/libcrash_report_handler.a"; sourceTree = "<group>"; };
		DBAA77431E8DE50500FD9DDF /* libdictionary_file_builder.a */ = {isa = PBXFileReference; lastKnownFileType = archive.ar; name = libdictionary_file_builder.a; path = "Mozc-for-iOS/src/out_ios/Release-iphoneos/libdictionary_file_builder.a"; sourceTree = "<group>"; };
		DBAA77441E8DE50500FD9DDF /* libdictionary_file.a */ = {isa = PBXFileReference; lastKnownFileType = archive.ar; name = libdictionary_file.a; path = "Mozc-for-iOS/src/out_ios/Release-iphoneos/libdictionary_file.a"; sourceTree = "<group>"; };
		DBAA77451E8DE50500FD9DDF /* libdictionary_impl.a */ = {isa = PBXFileReference; lastKnownFileType = archive.ar; name = libdictionary_impl.a; path = "Mozc-for-iOS/src/out_ios/Release-iphoneos/libdictionary_impl.a"; sourceTree = "<group>"; };
		DBAA77461E8DE50500FD9DDF /* libdictionary_mock.a */ = {isa = PBXFileReference; lastKnownFileType = archive.ar; name = libdictionary_mock.a; path = "Mozc-for-iOS/src/out_ios/Release-iphoneos/libdictionary_mock.a"; sourceTree = "<group>"; };
		DBAA77471E8DE50500FD9DDF /* libdictionary_protocol.a */ = {isa = PBXFileReference; lastKnownFileType = archive.ar; name = libdictionary_protocol.a; path = "Mozc-for-iOS/src/out_ios/Release-iphoneos/libdictionary_protocol.a"; sourceTree = "<group>"; };
		DBAA77481E8DE50500FD9DDF /* libdictionary_test_util.a */ = {isa = PBXFileReference; lastKnownFileType = archive.ar; name = libdictionary_test_util.a; path = "Mozc-for-iOS/src/out_ios/Release-iphoneos/libdictionary_test_util.a"; sourceTree = "<group>"; };
		DBAA77491E8DE50500FD9DDF /* libencryptor.a */ = {isa = PBXFileReference; lastKnownFileType = archive.ar; name = libencryptor.a; path = "Mozc-for-iOS/src/out_ios/Release-iphoneos/libencryptor.a"; sourceTree = "<group>"; };
		DBAA774A1E8DE50500FD9DDF /* libengine.a */ = {isa = PBXFileReference; lastKnownFileType = archive.ar; name = libengine.a; path = "Mozc-for-iOS/src/out_ios/Release-iphoneos/libengine.a"; sourceTree = "<group>"; };
		DBAA774B1E8DE50500FD9DDF /* libgen_existence_data.a */ = {isa = PBXFileReference; lastKnownFileType = archive.ar; name = libgen_existence_data.a; path = "Mozc-for-iOS/src/out_ios/Release-iphoneos/libgen_existence_data.a"; sourceTree = "<group>"; };
		DBAA774C1E8DE50500FD9DDF /* libgen_segmenter_bitarray.a */ = {isa = PBXFileReference; lastKnownFileType = archive.ar; name = libgen_segmenter_bitarray.a; path = "Mozc-for-iOS/src/out_ios/Release-iphoneos/libgen_segmenter_bitarray.a"; sourceTree = "<group>"; };
		DBAA774D1E8DE50500FD9DDF /* libgeneric_storage_manager.a */ = {isa = PBXFileReference; lastKnownFileType = archive.ar; name = libgeneric_storage_manager.a; path = "Mozc-for-iOS/src/out_ios/Release-iphoneos/libgeneric_storage_manager.a"; sourceTree = "<group>"; };
		DBAA774E1E8DE50500FD9DDF /* libime_switch_util.a */ = {isa = PBXFileReference; lastKnownFileType = archive.ar; name = libime_switch_util.a; path = "Mozc-for-iOS/src/out_ios/Release-iphoneos/libime_switch_util.a"; sourceTree = "<group>"; };
		DBAA774F1E8DE50500FD9DDF /* libimmutable_converter_interface.a */ = {isa = PBXFileReference; lastKnownFileType = archive.ar; name = libimmutable_converter_interface.a; path = "Mozc-for-iOS/src/out_ios/Release-iphoneos/libimmutable_converter_interface.a"; sourceTree = "<group>"; };
		DBAA77501E8DE50500FD9DDF /* libimmutable_converter.a */ = {isa = PBXFileReference; lastKnownFileType = archive.ar; name = libimmutable_converter.a; path = "Mozc-for-iOS/src/out_ios/Release-iphoneos/libimmutable_converter.a"; sourceTree = "<group>"; };
		DBAA77511E8DE50500FD9DDF /* libkey_event_util.a */ = {isa = PBXFileReference; lastKnownFileType = archive.ar; name = libkey_event_util.a; path = "Mozc-for-iOS/src/out_ios/Release-iphoneos/libkey_event_util.a"; sourceTree = "<group>"; };
		DBAA77521E8DE50500FD9DDF /* libkey_info_util.a */ = {isa = PBXFileReference; lastKnownFileType = archive.ar; name = libkey_info_util.a; path = "Mozc-for-iOS/src/out_ios/Release-iphoneos/libkey_info_util.a"; sourceTree = "<group>"; };
		DBAA77531E8DE50500FD9DDF /* libkey_parser.a */ = {isa = PBXFileReference; lastKnownFileType = archive.ar; name = libkey_parser.a; path = "Mozc-for-iOS/src/out_ios/Release-iphoneos/libkey_parser.a"; sourceTree = "<group>"; };
		DBAA77541E8DE50500FD9DDF /* libkeymap_factory.a */ = {isa = PBXFileReference; lastKnownFileType = archive.ar; name = libkeymap_factory.a; path = "Mozc-for-iOS/src/out_ios/Release-iphoneos/libkeymap_factory.a"; sourceTree = "<group>"; };
		DBAA77551E8DE50500FD9DDF /* libkeymap.a */ = {isa = PBXFileReference; lastKnownFileType = archive.ar; name = libkeymap.a; path = "Mozc-for-iOS/src/out_ios/Release-iphoneos/libkeymap.a"; sourceTree = "<group>"; };
		DBAA77561E8DE50500FD9DDF /* liblattice.a */ = {isa = PBXFileReference; lastKnownFileType = archive.ar; name = liblattice.a; path = "Mozc-for-iOS/src/out_ios/Release-iphoneos/liblattice.a"; sourceTree = "<group>"; };
		DBAA77571E8DE50500FD9DDF /* liblouds_trie_builder.a */ = {isa = PBXFileReference; lastKnownFileType = archive.ar; name = liblouds_trie_builder.a; path = "Mozc-for-iOS/src/out_ios/Release-iphoneos/liblouds_trie_builder.a"; sourceTree = "<group>"; };
		DBAA77581E8DE50500FD9DDF /* liblouds_trie.a */ = {isa = PBXFileReference; lastKnownFileType = archive.ar; name = liblouds_trie.a; path = "Mozc-for-iOS/src/out_ios/Release-iphoneos/liblouds_trie.a"; sourceTree = "<group>"; };
		DBAA77591E8DE50500FD9DDF /* libmock_converter_engine.a */ = {isa = PBXFileReference; lastKnownFileType = archive.ar; name = libmock_converter_engine.a; path = "Mozc-for-iOS/src/out_ios/Release-iphoneos/libmock_converter_engine.a"; sourceTree = "<group>"; };
		DBAA775A1E8DE50500FD9DDF /* libmock_data_engine_factory.a */ = {isa = PBXFileReference; lastKnownFileType = archive.ar; name = libmock_data_engine_factory.a; path = "Mozc-for-iOS/src/out_ios/Release-iphoneos/libmock_data_engine_factory.a"; sourceTree = "<group>"; };
		DBAA775B1E8DE50500FD9DDF /* libmock_user_pos_manager.a */ = {isa = PBXFileReference; lastKnownFileType = archive.ar; name = libmock_user_pos_manager.a; path = "Mozc-for-iOS/src/out_ios/Release-iphoneos/libmock_user_pos_manager.a"; sourceTree = "<group>"; };
		DBAA775C1E8DE50500FD9DDF /* libmultifile.a */ = {isa = PBXFileReference; lastKnownFileType = archive.ar; name = libmultifile.a; path = "Mozc-for-iOS/src/out_ios/Release-iphoneos/libmultifile.a"; sourceTree = "<group>"; };
		DBAA775D1E8DE50500FD9DDF /* libobfuscator_support.a */ = {isa = PBXFileReference; lastKnownFileType = archive.ar; name = libobfuscator_support.a; path = "Mozc-for-iOS/src/out_ios/Release-iphoneos/libobfuscator_support.a"; sourceTree = "<group>"; };
		DBAA775E1E8DE50500FD9DDF /* liboss_data_manager.a */ = {isa = PBXFileReference; lastKnownFileType = archive.ar; name = liboss_data_manager.a; path = "Mozc-for-iOS/src/out_ios/Release-iphoneos/liboss_data_manager.a"; sourceTree = "<group>"; };
		DBAA775F1E8DE50500FD9DDF /* liboss_engine_factory.a */ = {isa = PBXFileReference; lastKnownFileType = archive.ar; name = liboss_engine_factory.a; path = "Mozc-for-iOS/src/out_ios/Release-iphoneos/liboss_engine_factory.a"; sourceTree = "<group>"; };
		DBAA77601E8DE50500FD9DDF /* liboss_user_pos_manager.a */ = {isa = PBXFileReference; lastKnownFileType = archive.ar; name = liboss_user_pos_manager.a; path = "Mozc-for-iOS/src/out_ios/Release-iphoneos/liboss_user_pos_manager.a"; sourceTree = "<group>"; };
		DBAA77611E8DE50500FD9DDF /* liboutput_util.a */ = {isa = PBXFileReference; lastKnownFileType = archive.ar; name = liboutput_util.a; path = "Mozc-for-iOS/src/out_ios/Release-iphoneos/liboutput_util.a"; sourceTree = "<group>"; };
		DBAA77621E8DE50500FD9DDF /* libpacked_engine_factory.a */ = {isa = PBXFileReference; lastKnownFileType = archive.ar; name = libpacked_engine_factory.a; path = "Mozc-for-iOS/src/out_ios/Release-iphoneos/libpacked_engine_factory.a"; sourceTree = "<group>"; };
		DBAA77631E8DE50500FD9DDF /* libpos_id_printer.a */ = {isa = PBXFileReference; lastKnownFileType = archive.ar; name = libpos_id_printer.a; path = "Mozc-for-iOS/src/out_ios/Release-iphoneos/libpos_id_printer.a"; sourceTree = "<group>"; };
		DBAA77641E8DE50500FD9DDF /* libprediction_protocol.a */ = {isa = PBXFileReference; lastKnownFileType = archive.ar; name = libprediction_protocol.a; path = "Mozc-for-iOS/src/out_ios/Release-iphoneos/libprediction_protocol.a"; sourceTree = "<group>"; };
		DBAA77651E8DE50500FD9DDF /* libprediction.a */ = {isa = PBXFileReference; lastKnownFileType = archive.ar; name = libprediction.a; path = "Mozc-for-iOS/src/out_ios/Release-iphoneos/libprediction.a"; sourceTree = "<group>"; };
		DBAA77661E8DE50500FD9DDF /* libprotobuf.a */ = {isa = PBXFileReference; lastKnownFileType = archive.ar; name = libprotobuf.a; path = "Mozc-for-iOS/src/out_ios/Release-iphoneos/libprotobuf.a"; sourceTree = "<group>"; };
		DBAA77671E8DE50500FD9DDF /* librandom_keyevents_generator.a */ = {isa = PBXFileReference; lastKnownFileType = archive.ar; name = librandom_keyevents_generator.a; path = "Mozc-for-iOS/src/out_ios/Release-iphoneos/librandom_keyevents_generator.a"; sourceTree = "<group>"; };
		DBAA77681E8DE50500FD9DDF /* librequest_test_util.a */ = {isa = PBXFileReference; lastKnownFileType = archive.ar; name = librequest_test_util.a; path = "Mozc-for-iOS/src/out_ios/Release-iphoneos/librequest_test_util.a"; sourceTree = "<group>"; };
		DBAA77691E8DE50500FD9DDF /* librewriter.a */ = {isa = PBXFileReference; lastKnownFileType = archive.ar; name = librewriter.a; path = "Mozc-for-iOS/src/out_ios/Release-iphoneos/librewriter.a"; sourceTree = "<group>"; };
		DBAA776A1E8DE50500FD9DDF /* libsegmenter_base.a */ = {isa = PBXFileReference; lastKnownFileType = archive.ar; name = libsegmenter_base.a; path = "Mozc-for-iOS/src/out_ios/Release-iphoneos/libsegmenter_base.a"; sourceTree = "<group>"; };
		DBAA776B1E8DE50500FD9DDF /* libsegments.a */ = {isa = PBXFileReference; lastKnownFileType = archive.ar; name = libsegments.a; path = "Mozc-for-iOS/src/out_ios/Release-iphoneos/libsegments.a"; sourceTree = "<group>"; };
		DBAA776C1E8DE50500FD9DDF /* libsession_handler.a */ = {isa = PBXFileReference; lastKnownFileType = archive.ar; name = libsession_handler.a; path = "Mozc-for-iOS/src/out_ios/Release-iphoneos/libsession_handler.a"; sourceTree = "<group>"; };
		DBAA776D1E8DE50500FD9DDF /* libsession_internal.a */ = {isa = PBXFileReference; lastKnownFileType = archive.ar; name = libsession_internal.a; path = "Mozc-for-iOS/src/out_ios/Release-iphoneos/libsession_internal.a"; sourceTree = "<group>"; };
		DBAA776E1E8DE50500FD9DDF /* libsession_protocol.a */ = {isa = PBXFileReference; lastKnownFileType = archive.ar; name = libsession_protocol.a; path = "Mozc-for-iOS/src/out_ios/Release-iphoneos/libsession_protocol.a"; sourceTree = "<group>"; };
		DBAA776F1E8DE50500FD9DDF /* libsession_server.a */ = {isa = PBXFileReference; lastKnownFileType = archive.ar; name = libsession_server.a; path = "Mozc-for-iOS/src/out_ios/Release-iphoneos/libsession_server.a"; sourceTree = "<group>"; };
		DBAA77701E8DE50500FD9DDF /* libsession_usage_observer.a */ = {isa = PBXFileReference; lastKnownFileType = archive.ar; name = libsession_usage_observer.a; path = "Mozc-for-iOS/src/out_ios/Release-iphoneos/libsession_usage_observer.a"; sourceTree = "<group>"; };
		DBAA77711E8DE50500FD9DDF /* libsession_usage_stats_util.a */ = {isa = PBXFileReference; lastKnownFileType = archive.ar; name = libsession_usage_stats_util.a; path = "Mozc-for-iOS/src/out_ios/Release-iphoneos/libsession_usage_stats_util.a"; sourceTree = "<group>"; };
		DBAA77721E8DE50500FD9DDF /* libsession.a */ = {isa = PBXFileReference; lastKnownFileType = archive.ar; name = libsession.a; path = "Mozc-for-iOS/src/out_ios/Release-iphoneos/libsession.a"; sourceTree = "<group>"; };
		DBAA77731E8DE50500FD9DDF /* libsimple_succinct_bit_vector_index.a */ = {isa = PBXFileReference; lastKnownFileType = archive.ar; name = libsimple_succinct_bit_vector_index.a; path = "Mozc-for-iOS/src/out_ios/Release-iphoneos/libsimple_succinct_bit_vector_index.a"; sourceTree = "<group>"; };
		DBAA77741E8DE50500FD9DDF /* libsparse_connector.a */ = {isa = PBXFileReference; lastKnownFileType = archive.ar; name = libsparse_connector.a; path = "Mozc-for-iOS/src/out_ios/Release-iphoneos/libsparse_connector.a"; sourceTree = "<group>"; };
		DBAA77751E8DE50500FD9DDF /* libstats_config_util.a */ = {isa = PBXFileReference; lastKnownFileType = archive.ar; name = libstats_config_util.a; path = "Mozc-for-iOS/src/out_ios/Release-iphoneos/libstats_config_util.a"; sourceTree = "<group>"; };
		DBAA77761E8DE50500FD9DDF /* libstorage.a */ = {isa = PBXFileReference; lastKnownFileType = archive.ar; name = libstorage.a; path = "Mozc-for-iOS/src/out_ios/Release-iphoneos/libstorage.a"; sourceTree = "<group>"; };
		DBAA77771E8DE50500FD9DDF /* libsuffix_dictionary.a */ = {isa = PBXFileReference; lastKnownFileType = archive.ar; name = libsuffix_dictionary.a; path = "Mozc-for-iOS/src/out_ios/Release-iphoneos/libsuffix_dictionary.a"; sourceTree = "<group>"; };
		DBAA77781E8DE50500FD9DDF /* libsuggestion_filter.a */ = {isa = PBXFileReference; lastKnownFileType = archive.ar; name = libsuggestion_filter.a; path = "Mozc-for-iOS/src/out_ios/Release-iphoneos/libsuggestion_filter.a"; sourceTree = "<group>"; };
		DBAA77791E8DE50500FD9DDF /* libsuppression_dictionary.a */ = {isa = PBXFileReference; lastKnownFileType = archive.ar; name = libsuppression_dictionary.a; path = "Mozc-for-iOS/src/out_ios/Release-iphoneos/libsuppression_dictionary.a"; sourceTree = "<group>"; };
		DBAA777A1E8DE50500FD9DDF /* libsystem_dictionary_builder.a */ = {isa = PBXFileReference; lastKnownFileType = archive.ar; name = libsystem_dictionary_builder.a; path = "Mozc-for-iOS/src/out_ios/Release-iphoneos/libsystem_dictionary_builder.a"; sourceTree = "<group>"; };
		DBAA777B1E8DE50500FD9DDF /* libsystem_dictionary_codec.a */ = {isa = PBXFileReference; lastKnownFileType = archive.ar; name = libsystem_dictionary_codec.a; path = "Mozc-for-iOS/src/out_ios/Release-iphoneos/libsystem_dictionary_codec.a"; sourceTree = "<group>"; };
		DBAA777C1E8DE50500FD9DDF /* libsystem_dictionary.a */ = {isa = PBXFileReference; lastKnownFileType = archive.ar; name = libsystem_dictionary.a; path = "Mozc-for-iOS/src/out_ios/Release-iphoneos/libsystem_dictionary.a"; sourceTree = "<group>"; };
		DBAA777D1E8DE50500FD9DDF /* libtext_dictionary_loader.a */ = {isa = PBXFileReference; lastKnownFileType = archive.ar; name = libtext_dictionary_loader.a; path = "Mozc-for-iOS/src/out_ios/Release-iphoneos/libtext_dictionary_loader.a"; sourceTree = "<group>"; };
		DBAA777E1E8DE50500FD9DDF /* libtransliteration.a */ = {isa = PBXFileReference; lastKnownFileType = archive.ar; name = libtransliteration.a; path = "Mozc-for-iOS/src/out_ios/Release-iphoneos/libtransliteration.a"; sourceTree = "<group>"; };
		DBAA777F1E8DE50500FD9DDF /* libusage_stats_protocol.a */ = {isa = PBXFileReference; lastKnownFileType = archive.ar; name = libusage_stats_protocol.a; path = "Mozc-for-iOS/src/out_ios/Release-iphoneos/libusage_stats_protocol.a"; sourceTree = "<group>"; };
		DBAA77801E8DE50500FD9DDF /* libusage_stats_uploader.a */ = {isa = PBXFileReference; lastKnownFileType = archive.ar; name = libusage_stats_uploader.a; path = "Mozc-for-iOS/src/out_ios/Release-iphoneos/libusage_stats_uploader.a"; sourceTree = "<group>"; };
		DBAA77811E8DE50500FD9DDF /* libusage_stats.a */ = {isa = PBXFileReference; lastKnownFileType = archive.ar; name = libusage_stats.a; path = "Mozc-for-iOS/src/out_ios/Release-iphoneos/libusage_stats.a"; sourceTree = "<group>"; };
		DBAA77821E8DE50500FD9DDF /* libuser_dictionary.a */ = {isa = PBXFileReference; lastKnownFileType = archive.ar; name = libuser_dictionary.a; path = "Mozc-for-iOS/src/out_ios/Release-iphoneos/libuser_dictionary.a"; sourceTree = "<group>"; };
		DBAA77831E8DE50500FD9DDF /* libuser_pos.a */ = {isa = PBXFileReference; lastKnownFileType = archive.ar; name = libuser_pos.a; path = "Mozc-for-iOS/src/out_ios/Release-iphoneos/libuser_pos.a"; sourceTree = "<group>"; };
		DBAA77841E8DE50500FD9DDF /* libvalue_dictionary.a */ = {isa = PBXFileReference; lastKnownFileType = archive.ar; name = libvalue_dictionary.a; path = "Mozc-for-iOS/src/out_ios/Release-iphoneos/libvalue_dictionary.a"; sourceTree = "<group>"; };
/* End PBXFileReference section */

/* Begin PBXFrameworksBuildPhase section */
		DBAA76E91E8DE06300FD9DDF /* Frameworks */ = {
			isa = PBXFrameworksBuildPhase;
			buildActionMask = 2147483647;
			files = (
			);
			runOnlyForDeploymentPostprocessing = 0;
		};
		DBAA76FD1E8DE06300FD9DDF /* Frameworks */ = {
			isa = PBXFrameworksBuildPhase;
			buildActionMask = 2147483647;
			files = (
			);
			runOnlyForDeploymentPostprocessing = 0;
		};
		DBAA77081E8DE06300FD9DDF /* Frameworks */ = {
			isa = PBXFrameworksBuildPhase;
			buildActionMask = 2147483647;
			files = (
			);
			runOnlyForDeploymentPostprocessing = 0;
		};
		DBAA771E1E8DE07600FD9DDF /* Frameworks */ = {
			isa = PBXFrameworksBuildPhase;
			buildActionMask = 2147483647;
			files = (
				DBAA77851E8DE50500FD9DDF /* libbase_core.a in Frameworks */,
				DBAA77861E8DE50500FD9DDF /* libbase.a in Frameworks */,
				DBAA77871E8DE50500FD9DDF /* libbit_stream.a in Frameworks */,
				DBAA77881E8DE50500FD9DDF /* libbit_vector_based_array_builder.a in Frameworks */,
				DBAA77891E8DE50500FD9DDF /* libbit_vector_based_array.a in Frameworks */,
				DBAA778A1E8DE50500FD9DDF /* libcached_connector.a in Frameworks */,
				DBAA778B1E8DE50500FD9DDF /* libcalculator_mock.a in Frameworks */,
				DBAA778C1E8DE50500FD9DDF /* libcalculator.a in Frameworks */,
				DBAA778D1E8DE50500FD9DDF /* libcharacter_form_manager.a in Frameworks */,
				DBAA778E1E8DE50500FD9DDF /* libcodec.a in Frameworks */,
				DBAA778F1E8DE50500FD9DDF /* libcomposer.a in Frameworks */,
				DBAA77901E8DE50500FD9DDF /* libconfig_file_stream.a in Frameworks */,
				DBAA77911E8DE50500FD9DDF /* libconfig_handler.a in Frameworks */,
				DBAA77921E8DE50500FD9DDF /* libconfig_protocol.a in Frameworks */,
				DBAA77931E8DE50500FD9DDF /* libconnection_file_reader.a in Frameworks */,
				DBAA77941E8DE50500FD9DDF /* libconnector_base.a in Frameworks */,
				DBAA77951E8DE50500FD9DDF /* libconversion_request.a in Frameworks */,
				DBAA77961E8DE50500FD9DDF /* libconverter_mock.a in Frameworks */,
				DBAA77971E8DE50500FD9DDF /* libconverter_util.a in Frameworks */,
				DBAA77981E8DE50500FD9DDF /* libconverter.a in Frameworks */,
				DBAA77991E8DE50500FD9DDF /* libcrash_report_handler.a in Frameworks */,
				DBAA779A1E8DE50500FD9DDF /* libdictionary_file_builder.a in Frameworks */,
				DBAA779B1E8DE50500FD9DDF /* libdictionary_file.a in Frameworks */,
				DBAA779C1E8DE50500FD9DDF /* libdictionary_impl.a in Frameworks */,
				DBAA779D1E8DE50500FD9DDF /* libdictionary_mock.a in Frameworks */,
				DBAA779E1E8DE50500FD9DDF /* libdictionary_protocol.a in Frameworks */,
				DBAA779F1E8DE50500FD9DDF /* libdictionary_test_util.a in Frameworks */,
				DBAA77A01E8DE50500FD9DDF /* libencryptor.a in Frameworks */,
				DBAA77A11E8DE50500FD9DDF /* libengine.a in Frameworks */,
				DBAA77A21E8DE50500FD9DDF /* libgen_existence_data.a in Frameworks */,
				DBAA77A31E8DE50500FD9DDF /* libgen_segmenter_bitarray.a in Frameworks */,
				DBAA77A41E8DE50500FD9DDF /* libgeneric_storage_manager.a in Frameworks */,
				DBAA77A51E8DE50500FD9DDF /* libime_switch_util.a in Frameworks */,
				DBAA77A61E8DE50500FD9DDF /* libimmutable_converter_interface.a in Frameworks */,
				DBAA77A71E8DE50500FD9DDF /* libimmutable_converter.a in Frameworks */,
				DBAA77A81E8DE50500FD9DDF /* libkey_event_util.a in Frameworks */,
				DBAA77A91E8DE50500FD9DDF /* libkey_info_util.a in Frameworks */,
				DBAA77AA1E8DE50500FD9DDF /* libkey_parser.a in Frameworks */,
				DBAA77AB1E8DE50500FD9DDF /* libkeymap_factory.a in Frameworks */,
				DBAA77AC1E8DE50500FD9DDF /* libkeymap.a in Frameworks */,
				DBAA77AD1E8DE50500FD9DDF /* liblattice.a in Frameworks */,
				DBAA77AE1E8DE50500FD9DDF /* liblouds_trie_builder.a in Frameworks */,
				DBAA77AF1E8DE50500FD9DDF /* liblouds_trie.a in Frameworks */,
				DBAA77B01E8DE50500FD9DDF /* libmock_converter_engine.a in Frameworks */,
				DBAA77B11E8DE50500FD9DDF /* libmock_data_engine_factory.a in Frameworks */,
				DBAA77B21E8DE50500FD9DDF /* libmock_user_pos_manager.a in Frameworks */,
				DBAA77B31E8DE50500FD9DDF /* libmultifile.a in Frameworks */,
				DBAA77B41E8DE50500FD9DDF /* libobfuscator_support.a in Frameworks */,
				DBAA77B51E8DE50500FD9DDF /* liboss_data_manager.a in Frameworks */,
				DBAA77B61E8DE50500FD9DDF /* liboss_engine_factory.a in Frameworks */,
				DBAA77B71E8DE50500FD9DDF /* liboss_user_pos_manager.a in Frameworks */,
				DBAA77B81E8DE50500FD9DDF /* liboutput_util.a in Frameworks */,
				DBAA77B91E8DE50500FD9DDF /* libpacked_engine_factory.a in Frameworks */,
				DBAA77BA1E8DE50500FD9DDF /* libpos_id_printer.a in Frameworks */,
				DBAA77BB1E8DE50500FD9DDF /* libprediction_protocol.a in Frameworks */,
				DBAA77BC1E8DE50500FD9DDF /* libprediction.a in Frameworks */,
				DBAA77BD1E8DE50500FD9DDF /* libprotobuf.a in Frameworks */,
				DBAA77BE1E8DE50500FD9DDF /* librandom_keyevents_generator.a in Frameworks */,
				DBAA77BF1E8DE50500FD9DDF /* librequest_test_util.a in Frameworks */,
				DBAA77C01E8DE50500FD9DDF /* librewriter.a in Frameworks */,
				DBAA77C11E8DE50500FD9DDF /* libsegmenter_base.a in Frameworks */,
				DBAA77C21E8DE50500FD9DDF /* libsegments.a in Frameworks */,
				DBAA77C31E8DE50500FD9DDF /* libsession_handler.a in Frameworks */,
				DBAA77C41E8DE50500FD9DDF /* libsession_internal.a in Frameworks */,
				DBAA77C51E8DE50500FD9DDF /* libsession_protocol.a in Frameworks */,
				DBAA77C61E8DE50500FD9DDF /* libsession_server.a in Frameworks */,
				DBAA77C71E8DE50500FD9DDF /* libsession_usage_observer.a in Frameworks */,
				DBAA77C81E8DE50500FD9DDF /* libsession_usage_stats_util.a in Frameworks */,
				DBAA77C91E8DE50500FD9DDF /* libsession.a in Frameworks */,
				DBAA77CA1E8DE50500FD9DDF /* libsimple_succinct_bit_vector_index.a in Frameworks */,
				DBAA77CB1E8DE50500FD9DDF /* libsparse_connector.a in Frameworks */,
				DBAA77CC1E8DE50500FD9DDF /* libstats_config_util.a in Frameworks */,
				DBAA77CD1E8DE50500FD9DDF /* libstorage.a in Frameworks */,
				DBAA77CE1E8DE50500FD9DDF /* libsuffix_dictionary.a in Frameworks */,
				DBAA77CF1E8DE50500FD9DDF /* libsuggestion_filter.a in Frameworks */,
				DBAA77D01E8DE50500FD9DDF /* libsuppression_dictionary.a in Frameworks */,
				DBAA77D11E8DE50500FD9DDF /* libsystem_dictionary_builder.a in Frameworks */,
				DBAA77D21E8DE50500FD9DDF /* libsystem_dictionary_codec.a in Frameworks */,
				DBAA77D31E8DE50500FD9DDF /* libsystem_dictionary.a in Frameworks */,
				DBAA77D41E8DE50500FD9DDF /* libtext_dictionary_loader.a in Frameworks */,
				DBAA77D51E8DE50500FD9DDF /* libtransliteration.a in Frameworks */,
				DBAA77D61E8DE50500FD9DDF /* libusage_stats_protocol.a in Frameworks */,
				DBAA77D71E8DE50500FD9DDF /* libusage_stats_uploader.a in Frameworks */,
				DBAA77D81E8DE50500FD9DDF /* libusage_stats.a in Frameworks */,
				DBAA77D91E8DE50500FD9DDF /* libuser_dictionary.a in Frameworks */,
				DBAA77DA1E8DE50500FD9DDF /* libuser_pos.a in Frameworks */,
				DBAA77DB1E8DE50500FD9DDF /* libvalue_dictionary.a in Frameworks */,
			);
			runOnlyForDeploymentPostprocessing = 0;
		};
/* End PBXFrameworksBuildPhase section */

/* Begin PBXGroup section */
		DB88ACEB1E8EAE27000F2D60 /* Lib */ = {
			isa = PBXGroup;
			children = (
				DB88ACF61E8EAEA5000F2D60 /* InputCandidate.h */,
				DB88ACF71E8EAEA5000F2D60 /* InputCandidate.m */,
				DB88ACEE1E8EAE68000F2D60 /* InputManager.h */,
				DB88ACEF1E8EAE68000F2D60 /* InputManager.mm */,
				DB88ACF01E8EAE68000F2D60 /* KanaInputEngine.h */,
				DB88ACF11E8EAE68000F2D60 /* KanaInputEngine.mm */,
				DB88ACEC1E8EAE66000F2D60 /* KisekaeKeyboard-Bridging-Header.h */,
				DB88ACED1E8EAE66000F2D60 /* Keyboard-Bridging-Header.h */,
			);
			name = Lib;
			sourceTree = "<group>";
		};
		DBAA76E31E8DE06200FD9DDF = {
			isa = PBXGroup;
			children = (
				DBAA76EE1E8DE06300FD9DDF /* KisekaeKeyboard */,
				DBAA77031E8DE06300FD9DDF /* KisekaeKeyboardTests */,
				DBAA770E1E8DE06300FD9DDF /* KisekaeKeyboardUITests */,
				DBAA77221E8DE07600FD9DDF /* Keyboard */,
				DBAA76ED1E8DE06300FD9DDF /* Products */,
				DBAA772D1E8DE50500FD9DDF /* Frameworks */,
			);
			sourceTree = "<group>";
		};
		DBAA76ED1E8DE06300FD9DDF /* Products */ = {
			isa = PBXGroup;
			children = (
				DBAA76EC1E8DE06300FD9DDF /* KisekaeKeyboard.app */,
				DBAA77001E8DE06300FD9DDF /* KisekaeKeyboardTests.xctest */,
				DBAA770B1E8DE06300FD9DDF /* KisekaeKeyboardUITests.xctest */,
				DBAA77211E8DE07600FD9DDF /* Keyboard.appex */,
			);
			name = Products;
			sourceTree = "<group>";
		};
		DBAA76EE1E8DE06300FD9DDF /* KisekaeKeyboard */ = {
			isa = PBXGroup;
			children = (
				DB88ACEB1E8EAE27000F2D60 /* Lib */,
				DBAA76EF1E8DE06300FD9DDF /* AppDelegate.swift */,
				DBAA76F11E8DE06300FD9DDF /* ViewController.swift */,
				DBAA76F31E8DE06300FD9DDF /* Main.storyboard */,
				DBAA76F61E8DE06300FD9DDF /* Assets.xcassets */,
				DBAA76F81E8DE06300FD9DDF /* LaunchScreen.storyboard */,
				DBAA76FB1E8DE06300FD9DDF /* Info.plist */,
			);
			path = KisekaeKeyboard;
			sourceTree = "<group>";
		};
		DBAA77031E8DE06300FD9DDF /* KisekaeKeyboardTests */ = {
			isa = PBXGroup;
			children = (
				DBAA77041E8DE06300FD9DDF /* KisekaeKeyboardTests.swift */,
				DBAA77061E8DE06300FD9DDF /* Info.plist */,
			);
			path = KisekaeKeyboardTests;
			sourceTree = "<group>";
		};
		DBAA770E1E8DE06300FD9DDF /* KisekaeKeyboardUITests */ = {
			isa = PBXGroup;
			children = (
				DBAA770F1E8DE06300FD9DDF /* KisekaeKeyboardUITests.swift */,
				DBAA77111E8DE06300FD9DDF /* Info.plist */,
			);
			path = KisekaeKeyboardUITests;
			sourceTree = "<group>";
		};
		DBAA77221E8DE07600FD9DDF /* Keyboard */ = {
			isa = PBXGroup;
			children = (
				DBAA77251E8DE07600FD9DDF /* Info.plist */,
				DB88AD1A1E8FE42F000F2D60 /* Keyboard.storyboard */,
				DB88AD061E8FD5AC000F2D60 /* KeyboardPresenter.swift */,
				DB88AD0B1E8FD9ED000F2D60 /* KeyboardService.swift */,
				DB88AD131E8FDEFF000F2D60 /* KeyboardViewController.swift */,
				DB88AD1C1E8FEAD5000F2D60 /* CandidateCollectionView.swift */,
				DB88AD1E1E8FEB24000F2D60 /* SwipeCollectionView.swift */,
				DB88AD201E8FF1EA000F2D60 /* CandidateCell.swift */,
				DB88AD221E8FF21A000F2D60 /* KeyboardCell.swift */,
			);
			path = Keyboard;
			sourceTree = "<group>";
		};
		DBAA772D1E8DE50500FD9DDF /* Frameworks */ = {
			isa = PBXGroup;
			children = (
				DBAA772E1E8DE50500FD9DDF /* libbase_core.a */,
				DBAA772F1E8DE50500FD9DDF /* libbase.a */,
				DBAA77301E8DE50500FD9DDF /* libbit_stream.a */,
				DBAA77311E8DE50500FD9DDF /* libbit_vector_based_array_builder.a */,
				DBAA77321E8DE50500FD9DDF /* libbit_vector_based_array.a */,
				DBAA77331E8DE50500FD9DDF /* libcached_connector.a */,
				DBAA77341E8DE50500FD9DDF /* libcalculator_mock.a */,
				DBAA77351E8DE50500FD9DDF /* libcalculator.a */,
				DBAA77361E8DE50500FD9DDF /* libcharacter_form_manager.a */,
				DBAA77371E8DE50500FD9DDF /* libcodec.a */,
				DBAA77381E8DE50500FD9DDF /* libcomposer.a */,
				DBAA77391E8DE50500FD9DDF /* libconfig_file_stream.a */,
				DBAA773A1E8DE50500FD9DDF /* libconfig_handler.a */,
				DBAA773B1E8DE50500FD9DDF /* libconfig_protocol.a */,
				DBAA773C1E8DE50500FD9DDF /* libconnection_file_reader.a */,
				DBAA773D1E8DE50500FD9DDF /* libconnector_base.a */,
				DBAA773E1E8DE50500FD9DDF /* libconversion_request.a */,
				DBAA773F1E8DE50500FD9DDF /* libconverter_mock.a */,
				DBAA77401E8DE50500FD9DDF /* libconverter_util.a */,
				DBAA77411E8DE50500FD9DDF /* libconverter.a */,
				DBAA77421E8DE50500FD9DDF /* libcrash_report_handler.a */,
				DBAA77431E8DE50500FD9DDF /* libdictionary_file_builder.a */,
				DBAA77441E8DE50500FD9DDF /* libdictionary_file.a */,
				DBAA77451E8DE50500FD9DDF /* libdictionary_impl.a */,
				DBAA77461E8DE50500FD9DDF /* libdictionary_mock.a */,
				DBAA77471E8DE50500FD9DDF /* libdictionary_protocol.a */,
				DBAA77481E8DE50500FD9DDF /* libdictionary_test_util.a */,
				DBAA77491E8DE50500FD9DDF /* libencryptor.a */,
				DBAA774A1E8DE50500FD9DDF /* libengine.a */,
				DBAA774B1E8DE50500FD9DDF /* libgen_existence_data.a */,
				DBAA774C1E8DE50500FD9DDF /* libgen_segmenter_bitarray.a */,
				DBAA774D1E8DE50500FD9DDF /* libgeneric_storage_manager.a */,
				DBAA774E1E8DE50500FD9DDF /* libime_switch_util.a */,
				DBAA774F1E8DE50500FD9DDF /* libimmutable_converter_interface.a */,
				DBAA77501E8DE50500FD9DDF /* libimmutable_converter.a */,
				DBAA77511E8DE50500FD9DDF /* libkey_event_util.a */,
				DBAA77521E8DE50500FD9DDF /* libkey_info_util.a */,
				DBAA77531E8DE50500FD9DDF /* libkey_parser.a */,
				DBAA77541E8DE50500FD9DDF /* libkeymap_factory.a */,
				DBAA77551E8DE50500FD9DDF /* libkeymap.a */,
				DBAA77561E8DE50500FD9DDF /* liblattice.a */,
				DBAA77571E8DE50500FD9DDF /* liblouds_trie_builder.a */,
				DBAA77581E8DE50500FD9DDF /* liblouds_trie.a */,
				DBAA77591E8DE50500FD9DDF /* libmock_converter_engine.a */,
				DBAA775A1E8DE50500FD9DDF /* libmock_data_engine_factory.a */,
				DBAA775B1E8DE50500FD9DDF /* libmock_user_pos_manager.a */,
				DBAA775C1E8DE50500FD9DDF /* libmultifile.a */,
				DBAA775D1E8DE50500FD9DDF /* libobfuscator_support.a */,
				DBAA775E1E8DE50500FD9DDF /* liboss_data_manager.a */,
				DBAA775F1E8DE50500FD9DDF /* liboss_engine_factory.a */,
				DBAA77601E8DE50500FD9DDF /* liboss_user_pos_manager.a */,
				DBAA77611E8DE50500FD9DDF /* liboutput_util.a */,
				DBAA77621E8DE50500FD9DDF /* libpacked_engine_factory.a */,
				DBAA77631E8DE50500FD9DDF /* libpos_id_printer.a */,
				DBAA77641E8DE50500FD9DDF /* libprediction_protocol.a */,
				DBAA77651E8DE50500FD9DDF /* libprediction.a */,
				DBAA77661E8DE50500FD9DDF /* libprotobuf.a */,
				DBAA77671E8DE50500FD9DDF /* librandom_keyevents_generator.a */,
				DBAA77681E8DE50500FD9DDF /* librequest_test_util.a */,
				DBAA77691E8DE50500FD9DDF /* librewriter.a */,
				DBAA776A1E8DE50500FD9DDF /* libsegmenter_base.a */,
				DBAA776B1E8DE50500FD9DDF /* libsegments.a */,
				DBAA776C1E8DE50500FD9DDF /* libsession_handler.a */,
				DBAA776D1E8DE50500FD9DDF /* libsession_internal.a */,
				DBAA776E1E8DE50500FD9DDF /* libsession_protocol.a */,
				DBAA776F1E8DE50500FD9DDF /* libsession_server.a */,
				DBAA77701E8DE50500FD9DDF /* libsession_usage_observer.a */,
				DBAA77711E8DE50500FD9DDF /* libsession_usage_stats_util.a */,
				DBAA77721E8DE50500FD9DDF /* libsession.a */,
				DBAA77731E8DE50500FD9DDF /* libsimple_succinct_bit_vector_index.a */,
				DBAA77741E8DE50500FD9DDF /* libsparse_connector.a */,
				DBAA77751E8DE50500FD9DDF /* libstats_config_util.a */,
				DBAA77761E8DE50500FD9DDF /* libstorage.a */,
				DBAA77771E8DE50500FD9DDF /* libsuffix_dictionary.a */,
				DBAA77781E8DE50500FD9DDF /* libsuggestion_filter.a */,
				DBAA77791E8DE50500FD9DDF /* libsuppression_dictionary.a */,
				DBAA777A1E8DE50500FD9DDF /* libsystem_dictionary_builder.a */,
				DBAA777B1E8DE50500FD9DDF /* libsystem_dictionary_codec.a */,
				DBAA777C1E8DE50500FD9DDF /* libsystem_dictionary.a */,
				DBAA777D1E8DE50500FD9DDF /* libtext_dictionary_loader.a */,
				DBAA777E1E8DE50500FD9DDF /* libtransliteration.a */,
				DBAA777F1E8DE50500FD9DDF /* libusage_stats_protocol.a */,
				DBAA77801E8DE50500FD9DDF /* libusage_stats_uploader.a */,
				DBAA77811E8DE50500FD9DDF /* libusage_stats.a */,
				DBAA77821E8DE50500FD9DDF /* libuser_dictionary.a */,
				DBAA77831E8DE50500FD9DDF /* libuser_pos.a */,
				DBAA77841E8DE50500FD9DDF /* libvalue_dictionary.a */,
			);
			name = Frameworks;
			sourceTree = "<group>";
		};
/* End PBXGroup section */

/* Begin PBXHeadersBuildPhase section */
		DB88ACFE1E8EBF4E000F2D60 /* Headers */ = {
			isa = PBXHeadersBuildPhase;
			buildActionMask = 2147483647;
			files = (
			);
			runOnlyForDeploymentPostprocessing = 0;
		};
		DB88AD021E8EBF75000F2D60 /* Headers */ = {
			isa = PBXHeadersBuildPhase;
			buildActionMask = 2147483647;
			files = (
			);
			runOnlyForDeploymentPostprocessing = 0;
		};
/* End PBXHeadersBuildPhase section */

/* Begin PBXNativeTarget section */
		DBAA76EB1E8DE06300FD9DDF /* KisekaeKeyboard */ = {
			isa = PBXNativeTarget;
			buildConfigurationList = DBAA77141E8DE06300FD9DDF /* Build configuration list for PBXNativeTarget "KisekaeKeyboard" */;
			buildPhases = (
				DBAA76E81E8DE06300FD9DDF /* Sources */,
				DBAA76E91E8DE06300FD9DDF /* Frameworks */,
				DBAA76EA1E8DE06300FD9DDF /* Resources */,
				DBAA772C1E8DE07600FD9DDF /* Embed App Extensions */,
				DB88ACFE1E8EBF4E000F2D60 /* Headers */,
			);
			buildRules = (
			);
			dependencies = (
				DBAA77271E8DE07600FD9DDF /* PBXTargetDependency */,
			);
			name = KisekaeKeyboard;
			productName = KisekaeKeyboard;
			productReference = DBAA76EC1E8DE06300FD9DDF /* KisekaeKeyboard.app */;
			productType = "com.apple.product-type.application";
		};
		DBAA76FF1E8DE06300FD9DDF /* KisekaeKeyboardTests */ = {
			isa = PBXNativeTarget;
			buildConfigurationList = DBAA77171E8DE06300FD9DDF /* Build configuration list for PBXNativeTarget "KisekaeKeyboardTests" */;
			buildPhases = (
				DBAA76FC1E8DE06300FD9DDF /* Sources */,
				DBAA76FD1E8DE06300FD9DDF /* Frameworks */,
				DBAA76FE1E8DE06300FD9DDF /* Resources */,
			);
			buildRules = (
			);
			dependencies = (
				DBAA77021E8DE06300FD9DDF /* PBXTargetDependency */,
			);
			name = KisekaeKeyboardTests;
			productName = KisekaeKeyboardTests;
			productReference = DBAA77001E8DE06300FD9DDF /* KisekaeKeyboardTests.xctest */;
			productType = "com.apple.product-type.bundle.unit-test";
		};
		DBAA770A1E8DE06300FD9DDF /* KisekaeKeyboardUITests */ = {
			isa = PBXNativeTarget;
			buildConfigurationList = DBAA771A1E8DE06300FD9DDF /* Build configuration list for PBXNativeTarget "KisekaeKeyboardUITests" */;
			buildPhases = (
				DBAA77071E8DE06300FD9DDF /* Sources */,
				DBAA77081E8DE06300FD9DDF /* Frameworks */,
				DBAA77091E8DE06300FD9DDF /* Resources */,
			);
			buildRules = (
			);
			dependencies = (
				DBAA770D1E8DE06300FD9DDF /* PBXTargetDependency */,
			);
			name = KisekaeKeyboardUITests;
			productName = KisekaeKeyboardUITests;
			productReference = DBAA770B1E8DE06300FD9DDF /* KisekaeKeyboardUITests.xctest */;
			productType = "com.apple.product-type.bundle.ui-testing";
		};
		DBAA77201E8DE07600FD9DDF /* Keyboard */ = {
			isa = PBXNativeTarget;
			buildConfigurationList = DBAA77291E8DE07600FD9DDF /* Build configuration list for PBXNativeTarget "Keyboard" */;
			buildPhases = (
				DBAA771D1E8DE07600FD9DDF /* Sources */,
				DBAA771E1E8DE07600FD9DDF /* Frameworks */,
				DBAA771F1E8DE07600FD9DDF /* Resources */,
				DB88AD021E8EBF75000F2D60 /* Headers */,
			);
			buildRules = (
			);
			dependencies = (
			);
			name = Keyboard;
			productName = Keyboard;
			productReference = DBAA77211E8DE07600FD9DDF /* Keyboard.appex */;
			productType = "com.apple.product-type.app-extension";
		};
/* End PBXNativeTarget section */

/* Begin PBXProject section */
		DBAA76E41E8DE06200FD9DDF /* Project object */ = {
			isa = PBXProject;
			attributes = {
				LastSwiftUpdateCheck = 0820;
				LastUpgradeCheck = 0820;
				ORGANIZATIONNAME = "Toshiki Chiba";
				TargetAttributes = {
					DBAA76EB1E8DE06300FD9DDF = {
						CreatedOnToolsVersion = 8.2.1;
						DevelopmentTeam = AVWWV46Y77;
						LastSwiftMigration = 0830;
						ProvisioningStyle = Automatic;
					};
					DBAA76FF1E8DE06300FD9DDF = {
						CreatedOnToolsVersion = 8.2.1;
						DevelopmentTeam = 92CNRAXCN6;
						ProvisioningStyle = Automatic;
						TestTargetID = DBAA76EB1E8DE06300FD9DDF;
					};
					DBAA770A1E8DE06300FD9DDF = {
						CreatedOnToolsVersion = 8.2.1;
						DevelopmentTeam = 92CNRAXCN6;
						ProvisioningStyle = Automatic;
						TestTargetID = DBAA76EB1E8DE06300FD9DDF;
					};
					DBAA77201E8DE07600FD9DDF = {
						CreatedOnToolsVersion = 8.2.1;
						DevelopmentTeam = AVWWV46Y77;
						LastSwiftMigration = 0830;
						ProvisioningStyle = Automatic;
					};
				};
			};
			buildConfigurationList = DBAA76E71E8DE06200FD9DDF /* Build configuration list for PBXProject "KisekaeKeyboard" */;
			compatibilityVersion = "Xcode 3.2";
			developmentRegion = English;
			hasScannedForEncodings = 0;
			knownRegions = (
				en,
				Base,
			);
			mainGroup = DBAA76E31E8DE06200FD9DDF;
			productRefGroup = DBAA76ED1E8DE06300FD9DDF /* Products */;
			projectDirPath = "";
			projectRoot = "";
			targets = (
				DBAA76EB1E8DE06300FD9DDF /* KisekaeKeyboard */,
				DBAA76FF1E8DE06300FD9DDF /* KisekaeKeyboardTests */,
				DBAA770A1E8DE06300FD9DDF /* KisekaeKeyboardUITests */,
				DBAA77201E8DE07600FD9DDF /* Keyboard */,
			);
		};
/* End PBXProject section */

/* Begin PBXResourcesBuildPhase section */
		DBAA76EA1E8DE06300FD9DDF /* Resources */ = {
			isa = PBXResourcesBuildPhase;
			buildActionMask = 2147483647;
			files = (
				DBAA76FA1E8DE06300FD9DDF /* LaunchScreen.storyboard in Resources */,
				DBAA76F71E8DE06300FD9DDF /* Assets.xcassets in Resources */,
				DBAA76F51E8DE06300FD9DDF /* Main.storyboard in Resources */,
			);
			runOnlyForDeploymentPostprocessing = 0;
		};
		DBAA76FE1E8DE06300FD9DDF /* Resources */ = {
			isa = PBXResourcesBuildPhase;
			buildActionMask = 2147483647;
			files = (
			);
			runOnlyForDeploymentPostprocessing = 0;
		};
		DBAA77091E8DE06300FD9DDF /* Resources */ = {
			isa = PBXResourcesBuildPhase;
			buildActionMask = 2147483647;
			files = (
			);
			runOnlyForDeploymentPostprocessing = 0;
		};
		DBAA771F1E8DE07600FD9DDF /* Resources */ = {
			isa = PBXResourcesBuildPhase;
			buildActionMask = 2147483647;
			files = (
				DB88AD1B1E8FE42F000F2D60 /* Keyboard.storyboard in Resources */,
			);
			runOnlyForDeploymentPostprocessing = 0;
		};
/* End PBXResourcesBuildPhase section */

/* Begin PBXSourcesBuildPhase section */
		DBAA76E81E8DE06300FD9DDF /* Sources */ = {
			isa = PBXSourcesBuildPhase;
			buildActionMask = 2147483647;
			files = (
				DBAA76F21E8DE06300FD9DDF /* ViewController.swift in Sources */,
				DBAA76F01E8DE06300FD9DDF /* AppDelegate.swift in Sources */,
			);
			runOnlyForDeploymentPostprocessing = 0;
		};
		DBAA76FC1E8DE06300FD9DDF /* Sources */ = {
			isa = PBXSourcesBuildPhase;
			buildActionMask = 2147483647;
			files = (
				DBAA77051E8DE06300FD9DDF /* KisekaeKeyboardTests.swift in Sources */,
			);
			runOnlyForDeploymentPostprocessing = 0;
		};
		DBAA77071E8DE06300FD9DDF /* Sources */ = {
			isa = PBXSourcesBuildPhase;
			buildActionMask = 2147483647;
			files = (
				DBAA77101E8DE06300FD9DDF /* KisekaeKeyboardUITests.swift in Sources */,
			);
			runOnlyForDeploymentPostprocessing = 0;
		};
		DBAA771D1E8DE07600FD9DDF /* Sources */ = {
			isa = PBXSourcesBuildPhase;
			buildActionMask = 2147483647;
			files = (
				DB88AD0C1E8FD9ED000F2D60 /* KeyboardService.swift in Sources */,
				DB88AD151E8FDEFF000F2D60 /* KeyboardViewController.swift in Sources */,
				DB88AD231E8FF21A000F2D60 /* KeyboardCell.swift in Sources */,
				DB88AD1D1E8FEAD5000F2D60 /* CandidateCollectionView.swift in Sources */,
				DB88AD1F1E8FEB24000F2D60 /* SwipeCollectionView.swift in Sources */,
				DB88AD081E8FD5AC000F2D60 /* KeyboardPresenter.swift in Sources */,
				DB88ACF91E8EAEA5000F2D60 /* InputCandidate.m in Sources */,
				DB88AD211E8FF1EA000F2D60 /* CandidateCell.swift in Sources */,
				DB88ACF31E8EAE68000F2D60 /* InputManager.mm in Sources */,
				DB88ACF51E8EAE68000F2D60 /* KanaInputEngine.mm in Sources */,
			);
			runOnlyForDeploymentPostprocessing = 0;
		};
/* End PBXSourcesBuildPhase section */

/* Begin PBXTargetDependency section */
		DBAA77021E8DE06300FD9DDF /* PBXTargetDependency */ = {
			isa = PBXTargetDependency;
			target = DBAA76EB1E8DE06300FD9DDF /* KisekaeKeyboard */;
			targetProxy = DBAA77011E8DE06300FD9DDF /* PBXContainerItemProxy */;
		};
		DBAA770D1E8DE06300FD9DDF /* PBXTargetDependency */ = {
			isa = PBXTargetDependency;
			target = DBAA76EB1E8DE06300FD9DDF /* KisekaeKeyboard */;
			targetProxy = DBAA770C1E8DE06300FD9DDF /* PBXContainerItemProxy */;
		};
		DBAA77271E8DE07600FD9DDF /* PBXTargetDependency */ = {
			isa = PBXTargetDependency;
			target = DBAA77201E8DE07600FD9DDF /* Keyboard */;
			targetProxy = DBAA77261E8DE07600FD9DDF /* PBXContainerItemProxy */;
		};
/* End PBXTargetDependency section */

/* Begin PBXVariantGroup section */
		DBAA76F31E8DE06300FD9DDF /* Main.storyboard */ = {
			isa = PBXVariantGroup;
			children = (
				DBAA76F41E8DE06300FD9DDF /* Base */,
			);
			name = Main.storyboard;
			sourceTree = "<group>";
		};
		DBAA76F81E8DE06300FD9DDF /* LaunchScreen.storyboard */ = {
			isa = PBXVariantGroup;
			children = (
				DBAA76F91E8DE06300FD9DDF /* Base */,
			);
			name = LaunchScreen.storyboard;
			sourceTree = "<group>";
		};
/* End PBXVariantGroup section */

/* Begin XCBuildConfiguration section */
		DBAA77121E8DE06300FD9DDF /* Debug */ = {
			isa = XCBuildConfiguration;
			buildSettings = {
				ALWAYS_SEARCH_USER_PATHS = NO;
				CLANG_ANALYZER_NONNULL = YES;
				CLANG_CXX_LANGUAGE_STANDARD = "gnu++0x";
				CLANG_CXX_LIBRARY = "libc++";
				CLANG_ENABLE_MODULES = YES;
				CLANG_ENABLE_OBJC_ARC = YES;
				CLANG_WARN_BOOL_CONVERSION = YES;
				CLANG_WARN_CONSTANT_CONVERSION = YES;
				CLANG_WARN_DIRECT_OBJC_ISA_USAGE = YES_ERROR;
				CLANG_WARN_DOCUMENTATION_COMMENTS = YES;
				CLANG_WARN_EMPTY_BODY = YES;
				CLANG_WARN_ENUM_CONVERSION = YES;
				CLANG_WARN_INFINITE_RECURSION = YES;
				CLANG_WARN_INT_CONVERSION = YES;
				CLANG_WARN_OBJC_ROOT_CLASS = YES_ERROR;
				CLANG_WARN_SUSPICIOUS_MOVE = YES;
				CLANG_WARN_UNREACHABLE_CODE = YES;
				CLANG_WARN__DUPLICATE_METHOD_MATCH = YES;
				"CODE_SIGN_IDENTITY[sdk=iphoneos*]" = "iPhone Developer";
				COPY_PHASE_STRIP = NO;
				DEBUG_INFORMATION_FORMAT = dwarf;
				ENABLE_STRICT_OBJC_MSGSEND = YES;
				ENABLE_TESTABILITY = YES;
				GCC_C_LANGUAGE_STANDARD = gnu99;
				GCC_DYNAMIC_NO_PIC = NO;
				GCC_NO_COMMON_BLOCKS = YES;
				GCC_OPTIMIZATION_LEVEL = 0;
				GCC_PREPROCESSOR_DEFINITIONS = (
					"DEBUG=1",
					"$(inherited)",
				);
				GCC_WARN_64_TO_32_BIT_CONVERSION = YES;
				GCC_WARN_ABOUT_RETURN_TYPE = YES_ERROR;
				GCC_WARN_UNDECLARED_SELECTOR = YES;
				GCC_WARN_UNINITIALIZED_AUTOS = YES_AGGRESSIVE;
				GCC_WARN_UNUSED_FUNCTION = YES;
				GCC_WARN_UNUSED_VARIABLE = YES;
				IPHONEOS_DEPLOYMENT_TARGET = 10.2;
				MTL_ENABLE_DEBUG_INFO = YES;
				ONLY_ACTIVE_ARCH = YES;
				SDKROOT = iphoneos;
				SWIFT_ACTIVE_COMPILATION_CONDITIONS = DEBUG;
				SWIFT_OPTIMIZATION_LEVEL = "-Onone";
			};
			name = Debug;
		};
		DBAA77131E8DE06300FD9DDF /* Release */ = {
			isa = XCBuildConfiguration;
			buildSettings = {
				ALWAYS_SEARCH_USER_PATHS = NO;
				CLANG_ANALYZER_NONNULL = YES;
				CLANG_CXX_LANGUAGE_STANDARD = "gnu++0x";
				CLANG_CXX_LIBRARY = "libc++";
				CLANG_ENABLE_MODULES = YES;
				CLANG_ENABLE_OBJC_ARC = YES;
				CLANG_WARN_BOOL_CONVERSION = YES;
				CLANG_WARN_CONSTANT_CONVERSION = YES;
				CLANG_WARN_DIRECT_OBJC_ISA_USAGE = YES_ERROR;
				CLANG_WARN_DOCUMENTATION_COMMENTS = YES;
				CLANG_WARN_EMPTY_BODY = YES;
				CLANG_WARN_ENUM_CONVERSION = YES;
				CLANG_WARN_INFINITE_RECURSION = YES;
				CLANG_WARN_INT_CONVERSION = YES;
				CLANG_WARN_OBJC_ROOT_CLASS = YES_ERROR;
				CLANG_WARN_SUSPICIOUS_MOVE = YES;
				CLANG_WARN_UNREACHABLE_CODE = YES;
				CLANG_WARN__DUPLICATE_METHOD_MATCH = YES;
				"CODE_SIGN_IDENTITY[sdk=iphoneos*]" = "iPhone Developer";
				COPY_PHASE_STRIP = NO;
				DEBUG_INFORMATION_FORMAT = "dwarf-with-dsym";
				ENABLE_NS_ASSERTIONS = NO;
				ENABLE_STRICT_OBJC_MSGSEND = YES;
				GCC_C_LANGUAGE_STANDARD = gnu99;
				GCC_NO_COMMON_BLOCKS = YES;
				GCC_WARN_64_TO_32_BIT_CONVERSION = YES;
				GCC_WARN_ABOUT_RETURN_TYPE = YES_ERROR;
				GCC_WARN_UNDECLARED_SELECTOR = YES;
				GCC_WARN_UNINITIALIZED_AUTOS = YES_AGGRESSIVE;
				GCC_WARN_UNUSED_FUNCTION = YES;
				GCC_WARN_UNUSED_VARIABLE = YES;
				IPHONEOS_DEPLOYMENT_TARGET = 10.2;
				MTL_ENABLE_DEBUG_INFO = NO;
				SDKROOT = iphoneos;
				SWIFT_OPTIMIZATION_LEVEL = "-Owholemodule";
				VALIDATE_PRODUCT = YES;
			};
			name = Release;
		};
		DBAA77151E8DE06300FD9DDF /* Debug */ = {
			isa = XCBuildConfiguration;
			buildSettings = {
				ALWAYS_EMBED_SWIFT_STANDARD_LIBRARIES = YES;
				ASSETCATALOG_COMPILER_APPICON_NAME = AppIcon;
				CLANG_ENABLE_MODULES = YES;
				DEVELOPMENT_TEAM = AVWWV46Y77;
				INFOPLIST_FILE = KisekaeKeyboard/Info.plist;
				LD_RUNPATH_SEARCH_PATHS = "$(inherited) @executable_path/Frameworks";
				PRODUCT_BUNDLE_IDENTIFIER = com.kogane.KisekaeKeyboard;
				PRODUCT_NAME = "$(TARGET_NAME)";
				SWIFT_OBJC_BRIDGING_HEADER = "KisekaeKeyboard/KisekaeKeyboard-Bridging-Header.h";
				SWIFT_OPTIMIZATION_LEVEL = "-Onone";
				SWIFT_VERSION = 3.0;
			};
			name = Debug;
		};
		DBAA77161E8DE06300FD9DDF /* Release */ = {
			isa = XCBuildConfiguration;
			buildSettings = {
				ALWAYS_EMBED_SWIFT_STANDARD_LIBRARIES = YES;
				ASSETCATALOG_COMPILER_APPICON_NAME = AppIcon;
				CLANG_ENABLE_MODULES = YES;
				DEVELOPMENT_TEAM = AVWWV46Y77;
				INFOPLIST_FILE = KisekaeKeyboard/Info.plist;
				LD_RUNPATH_SEARCH_PATHS = "$(inherited) @executable_path/Frameworks";
				PRODUCT_BUNDLE_IDENTIFIER = com.kogane.KisekaeKeyboard;
				PRODUCT_NAME = "$(TARGET_NAME)";
				SWIFT_OBJC_BRIDGING_HEADER = "KisekaeKeyboard/KisekaeKeyboard-Bridging-Header.h";
				SWIFT_VERSION = 3.0;
			};
			name = Release;
		};
		DBAA77181E8DE06300FD9DDF /* Debug */ = {
			isa = XCBuildConfiguration;
			buildSettings = {
				ALWAYS_EMBED_SWIFT_STANDARD_LIBRARIES = YES;
				BUNDLE_LOADER = "$(TEST_HOST)";
				DEVELOPMENT_TEAM = 92CNRAXCN6;
				INFOPLIST_FILE = KisekaeKeyboardTests/Info.plist;
				LD_RUNPATH_SEARCH_PATHS = "$(inherited) @executable_path/Frameworks @loader_path/Frameworks";
				PRODUCT_BUNDLE_IDENTIFIER = com.kogane.KisekaeKeyboardTests;
				PRODUCT_NAME = "$(TARGET_NAME)";
				SWIFT_VERSION = 3.0;
				TEST_HOST = "$(BUILT_PRODUCTS_DIR)/KisekaeKeyboard.app/KisekaeKeyboard";
			};
			name = Debug;
		};
		DBAA77191E8DE06300FD9DDF /* Release */ = {
			isa = XCBuildConfiguration;
			buildSettings = {
				ALWAYS_EMBED_SWIFT_STANDARD_LIBRARIES = YES;
				BUNDLE_LOADER = "$(TEST_HOST)";
				DEVELOPMENT_TEAM = 92CNRAXCN6;
				INFOPLIST_FILE = KisekaeKeyboardTests/Info.plist;
				LD_RUNPATH_SEARCH_PATHS = "$(inherited) @executable_path/Frameworks @loader_path/Frameworks";
				PRODUCT_BUNDLE_IDENTIFIER = com.kogane.KisekaeKeyboardTests;
				PRODUCT_NAME = "$(TARGET_NAME)";
				SWIFT_VERSION = 3.0;
				TEST_HOST = "$(BUILT_PRODUCTS_DIR)/KisekaeKeyboard.app/KisekaeKeyboard";
			};
			name = Release;
		};
		DBAA771B1E8DE06300FD9DDF /* Debug */ = {
			isa = XCBuildConfiguration;
			buildSettings = {
				ALWAYS_EMBED_SWIFT_STANDARD_LIBRARIES = YES;
				DEVELOPMENT_TEAM = 92CNRAXCN6;
				INFOPLIST_FILE = KisekaeKeyboardUITests/Info.plist;
				LD_RUNPATH_SEARCH_PATHS = "$(inherited) @executable_path/Frameworks @loader_path/Frameworks";
				PRODUCT_BUNDLE_IDENTIFIER = com.kogane.KisekaeKeyboardUITests;
				PRODUCT_NAME = "$(TARGET_NAME)";
				SWIFT_VERSION = 3.0;
				TEST_TARGET_NAME = KisekaeKeyboard;
			};
			name = Debug;
		};
		DBAA771C1E8DE06300FD9DDF /* Release */ = {
			isa = XCBuildConfiguration;
			buildSettings = {
				ALWAYS_EMBED_SWIFT_STANDARD_LIBRARIES = YES;
				DEVELOPMENT_TEAM = 92CNRAXCN6;
				INFOPLIST_FILE = KisekaeKeyboardUITests/Info.plist;
				LD_RUNPATH_SEARCH_PATHS = "$(inherited) @executable_path/Frameworks @loader_path/Frameworks";
				PRODUCT_BUNDLE_IDENTIFIER = com.kogane.KisekaeKeyboardUITests;
				PRODUCT_NAME = "$(TARGET_NAME)";
				SWIFT_VERSION = 3.0;
				TEST_TARGET_NAME = KisekaeKeyboard;
			};
			name = Release;
		};
		DBAA772A1E8DE07600FD9DDF /* Debug */ = {
			isa = XCBuildConfiguration;
			buildSettings = {
				CLANG_ENABLE_MODULES = YES;
				DEVELOPMENT_TEAM = AVWWV46Y77;
				HEADER_SEARCH_PATHS = (
					"$(PROJECT_DIR)/Mozc-for-iOS/src",
					"$(PROJECT_DIR)/Mozc-for-iOS/src/third_party/protobuf/src",
					"$(PROJECT_DIR)/Mozc-for-iOS/src/out_ios/DerivedSources/Release/proto_out",
					"${PROJECT_DIR}/lib",
					"$(inherited)",
					/Applications/Xcode.app/Contents/Developer/Toolchains/XcodeDefault.xctoolchain/usr/include,
				);
				INFOPLIST_FILE = Keyboard/Info.plist;
				LD_RUNPATH_SEARCH_PATHS = "$(inherited) @executable_path/Frameworks @executable_path/../../Frameworks";
				LIBRARY_SEARCH_PATHS = (
					"$(inherited)",
					"$(PROJECT_DIR)/Mozc-for-iOS/src/out_ios/Release-iphoneos",
				);
				PRODUCT_BUNDLE_IDENTIFIER = com.kogane.KisekaeKeyboard.Keyboard;
				PRODUCT_NAME = "$(TARGET_NAME)";
				SKIP_INSTALL = YES;
				SWIFT_OBJC_BRIDGING_HEADER = "$(SRCROOT)/$(PROJECT)/Keyboard-Bridging-Header.h";
				SWIFT_OPTIMIZATION_LEVEL = "-Onone";
				SWIFT_VERSION = 3.0;
			};
			name = Debug;
		};
		DBAA772B1E8DE07600FD9DDF /* Release */ = {
			isa = XCBuildConfiguration;
			buildSettings = {
				CLANG_ENABLE_MODULES = YES;
				DEVELOPMENT_TEAM = AVWWV46Y77;
				HEADER_SEARCH_PATHS = (
					"$(PROJECT_DIR)/Mozc-for-iOS/src",
					"$(PROJECT_DIR)/Mozc-for-iOS/src/third_party/protobuf/src",
					"$(PROJECT_DIR)/Mozc-for-iOS/src/out_ios/DerivedSources/Release/proto_out",
					"${PROJECT_DIR}/lib",
					"$(inherited)",
					/Applications/Xcode.app/Contents/Developer/Toolchains/XcodeDefault.xctoolchain/usr/include,
				);
				INFOPLIST_FILE = Keyboard/Info.plist;
				LD_RUNPATH_SEARCH_PATHS = "$(inherited) @executable_path/Frameworks @executable_path/../../Frameworks";
				LIBRARY_SEARCH_PATHS = (
					"$(inherited)",
					"$(PROJECT_DIR)/Mozc-for-iOS/src/out_ios/Release-iphoneos",
				);
				PRODUCT_BUNDLE_IDENTIFIER = com.kogane.KisekaeKeyboard.Keyboard;
				PRODUCT_NAME = "$(TARGET_NAME)";
				SKIP_INSTALL = YES;
				SWIFT_OBJC_BRIDGING_HEADER = "$(SRCROOT)/$(PROJECT)/Keyboard-Bridging-Header.h";
				SWIFT_VERSION = 3.0;
			};
			name = Release;
		};
/* End XCBuildConfiguration section */

/* Begin XCConfigurationList section */
		DBAA76E71E8DE06200FD9DDF /* Build configuration list for PBXProject "KisekaeKeyboard" */ = {
			isa = XCConfigurationList;
			buildConfigurations = (
				DBAA77121E8DE06300FD9DDF /* Debug */,
				DBAA77131E8DE06300FD9DDF /* Release */,
			);
			defaultConfigurationIsVisible = 0;
			defaultConfigurationName = Release;
		};
		DBAA77141E8DE06300FD9DDF /* Build configuration list for PBXNativeTarget "KisekaeKeyboard" */ = {
			isa = XCConfigurationList;
			buildConfigurations = (
				DBAA77151E8DE06300FD9DDF /* Debug */,
				DBAA77161E8DE06300FD9DDF /* Release */,
			);
			defaultConfigurationIsVisible = 0;
			defaultConfigurationName = Release;
		};
		DBAA77171E8DE06300FD9DDF /* Build configuration list for PBXNativeTarget "KisekaeKeyboardTests" */ = {
			isa = XCConfigurationList;
			buildConfigurations = (
				DBAA77181E8DE06300FD9DDF /* Debug */,
				DBAA77191E8DE06300FD9DDF /* Release */,
			);
			defaultConfigurationIsVisible = 0;
			defaultConfigurationName = Release;
		};
		DBAA771A1E8DE06300FD9DDF /* Build configuration list for PBXNativeTarget "KisekaeKeyboardUITests" */ = {
			isa = XCConfigurationList;
			buildConfigurations = (
				DBAA771B1E8DE06300FD9DDF /* Debug */,
				DBAA771C1E8DE06300FD9DDF /* Release */,
			);
			defaultConfigurationIsVisible = 0;
			defaultConfigurationName = Release;
		};
		DBAA77291E8DE07600FD9DDF /* Build configuration list for PBXNativeTarget "Keyboard" */ = {
			isa = XCConfigurationList;
			buildConfigurations = (
				DBAA772A1E8DE07600FD9DDF /* Debug */,
				DBAA772B1E8DE07600FD9DDF /* Release */,
			);
			defaultConfigurationIsVisible = 0;
			defaultConfigurationName = Release;
		};
/* End XCConfigurationList section */
	};
	rootObject = DBAA76E41E8DE06200FD9DDF /* Project object */;
}
